
Microsoft Visual Studio Solution File, Format Version 12.00
# Visual Studio Version 17
VisualStudioVersion = 17.9.34723.18
MinimumVisualStudioVersion = 10.0.40219.1
Project("{8BC9CEB8-8B4A-11D0-8D11-00A0C91BC942}") = "CPP 01. First project", "CPP 01. First project\CPP 01. First project.vcxproj", "{99434233-1019-4100-B298-A1632183EDF8}"
EndProject
Project("{2150E333-8FDC-42A3-9474-1A3956D46DE8}") = "CPP 01", "CPP 01", "{65802862-EBE8-4869-BD46-5C05FBE18879}"
EndProject
Project("{8BC9CEB8-8B4A-11D0-8D11-00A0C91BC942}") = "CPP 01. Escape sequences", "CPP 01. Escape sequences\CPP 01. Escape sequences.vcxproj", "{572F4A4B-F063-40E9-A4FE-8176C273C1EF}"
EndProject
Project("{2150E333-8FDC-42A3-9474-1A3956D46DE8}") = "CPP 02", "CPP 02", "{34CCF30A-6352-4474-8B14-EE5E18AB3F4F}"
EndProject
Project("{8BC9CEB8-8B4A-11D0-8D11-00A0C91BC942}") = "CPP 02. Datatypes", "CPP 02. Datatypes\CPP 02. Datatypes.vcxproj", "{6D50E405-7266-4D56-8176-72AE6D7E0AAF}"
EndProject
Project("{8BC9CEB8-8B4A-11D0-8D11-00A0C91BC942}") = "CPP 02. Unsigned datatypes", "CPP 02. Unsigned datatypes\CPP 02. Unsigned datatypes.vcxproj", "{BE6B319C-CDE5-4A70-8A14-508959B6CA24}"
EndProject
Project("{8BC9CEB8-8B4A-11D0-8D11-00A0C91BC942}") = "СPP 02. Operators", "СPP 02. Operators\СPP 02. Operators.vcxproj", "{5C6937FE-9215-4F6B-9417-06302061C506}"
EndProject
Project("{2150E333-8FDC-42A3-9474-1A3956D46DE8}") = "CPP 03", "CPP 03", "{1AA5C7DD-A31E-4BC4-A6BC-6E07CC5FB454}"
EndProject
Project("{8BC9CEB8-8B4A-11D0-8D11-00A0C91BC942}") = "CPP 03. Typecasting", "CPP 03. Typecasting\CPP 03. Typecasting.vcxproj", "{AA9BC7FD-0889-4D3E-9A81-E6B87C3B6C44}"
EndProject
Project("{8BC9CEB8-8B4A-11D0-8D11-00A0C91BC942}") = "CPP 03. Comparison operators", "CPP 03. Comparison operators\CPP 03. Comparison operators.vcxproj", "{4EC136A6-49FB-411A-B1DA-D2C499856CFF}"
EndProject
Project("{8BC9CEB8-8B4A-11D0-8D11-00A0C91BC942}") = "CPP 03. if else", "CPP 03. if else\CPP 03. if else.vcxproj", "{86E862F1-CA54-48A4-B75B-A3E8C5C1DC0E}"
EndProject
Project("{2150E333-8FDC-42A3-9474-1A3956D46DE8}") = "CPP 04", "CPP 04", "{E2773D6B-CC53-44A6-A922-F742D1412523}"
EndProject
Project("{8BC9CEB8-8B4A-11D0-8D11-00A0C91BC942}") = "CPP 04. Logical operators", "CPP 04. Logical operators\CPP 04. Logical operators.vcxproj", "{FFB6181C-6A3A-43E5-95BE-FC60B3E207B1}"
EndProject
Project("{8BC9CEB8-8B4A-11D0-8D11-00A0C91BC942}") = "CPP 04. Trernary operator", "CPP 04. Trernary operator\CPP 04. Trernary operator.vcxproj", "{8CC48926-9B99-4649-B212-96F9BB192CAF}"
EndProject
Project("{8BC9CEB8-8B4A-11D0-8D11-00A0C91BC942}") = "CPP 04. switch case", "CPP 04. switch case\CPP 04. switch case.vcxproj", "{4C4B4D8B-FB34-4873-9890-AB325CE3F9D2}"
EndProject
Project("{8BC9CEB8-8B4A-11D0-8D11-00A0C91BC942}") = "CPP 04. enum vs switch", "CPP 04. enum vs switch\CPP 04. enum vs switch.vcxproj", "{8EC4F24D-0FF4-4FCE-ABBA-76EB648DB66B}"
EndProject
Project("{2150E333-8FDC-42A3-9474-1A3956D46DE8}") = "CPP 05", "CPP 05", "{3F238D85-F9EE-424A-A6B8-93AA6143AC7C}"
EndProject
Project("{8BC9CEB8-8B4A-11D0-8D11-00A0C91BC942}") = "CPP 05. Loops While", "CPP 05. Loops While\CPP 05. Loops While.vcxproj", "{98E7753B-C469-4CC5-A8CD-FC64E84C00D2}"
EndProject
Project("{8BC9CEB8-8B4A-11D0-8D11-00A0C91BC942}") = "CPP 05. Loops do while", "CPP 05. Loops do while\CPP 05. Loops do while.vcxproj", "{53DAD864-724A-479B-B841-5DF4F462B604}"
EndProject
Project("{8BC9CEB8-8B4A-11D0-8D11-00A0C91BC942}") = "CPP 05. loops for", "CPP 05. loops for\CPP 05. loops for.vcxproj", "{7F7DD0C4-5D72-46C9-B421-66C4B87180BE}"
EndProject
Project("{2150E333-8FDC-42A3-9474-1A3956D46DE8}") = "CPP 06", "CPP 06", "{307D65F7-62D5-48D5-B35E-EF350223CFD0}"
EndProject
Project("{8BC9CEB8-8B4A-11D0-8D11-00A0C91BC942}") = "CPP 06. break, continue", "CPP 06. break, continue\CPP 06. break, continue.vcxproj", "{317962C8-407E-4FE6-84B9-5722AD2389C9}"
EndProject
Project("{8BC9CEB8-8B4A-11D0-8D11-00A0C91BC942}") = "CPP 06. Arrays", "CPP 06. Arrays\CPP 06. Arrays.vcxproj", "{2615473E-7DAE-4449-9CA9-192E97C9B10C}"
EndProject
Project("{8BC9CEB8-8B4A-11D0-8D11-00A0C91BC942}") = "CPP 06. fill random value", "CPP 06. fill random value\CPP 06. fill random value.vcxproj", "{871BDAFD-CBBE-493E-993A-7557954EE472}"
EndProject
Project("{2150E333-8FDC-42A3-9474-1A3956D46DE8}") = "CPP 07", "CPP 07", "{168DE9BF-9E90-4D97-91C1-B53EDED94A4C}"
EndProject
Project("{8BC9CEB8-8B4A-11D0-8D11-00A0C91BC942}") = "CPP 07. Search algorithms", "CPP 07. Search algorithms\CPP 07. Search algorithms.vcxproj", "{4E109501-7C4C-43C6-841E-B0F4214472AD}"
EndProject
Project("{8BC9CEB8-8B4A-11D0-8D11-00A0C91BC942}") = "CPP 07. Sorting algorithms", "CPP 07. Sorting algorithms\CPP 07. Sorting algorithms.vcxproj", "{48B1B760-4817-4DCF-A7A5-8B0F56872C78}"
EndProject
Project("{2150E333-8FDC-42A3-9474-1A3956D46DE8}") = "CPP 08", "CPP 08", "{CB5D3296-40AB-4E15-8042-DA81695C5263}"
EndProject
Project("{8BC9CEB8-8B4A-11D0-8D11-00A0C91BC942}") = "CPP 08. Multidimension arrays", "CPP 08. Multidimension arrays\CPP 08. Multidimension arrays.vcxproj", "{27EC91AB-F06F-4120-B432-E59E63150A4D}"
EndProject
Global
	GlobalSection(SolutionConfigurationPlatforms) = preSolution
		Debug|x64 = Debug|x64
		Debug|x86 = Debug|x86
		Release|x64 = Release|x64
		Release|x86 = Release|x86
	EndGlobalSection
	GlobalSection(ProjectConfigurationPlatforms) = postSolution
		{99434233-1019-4100-B298-A1632183EDF8}.Debug|x64.ActiveCfg = Debug|x64
		{99434233-1019-4100-B298-A1632183EDF8}.Debug|x64.Build.0 = Debug|x64
		{99434233-1019-4100-B298-A1632183EDF8}.Debug|x86.ActiveCfg = Debug|Win32
		{99434233-1019-4100-B298-A1632183EDF8}.Debug|x86.Build.0 = Debug|Win32
		{99434233-1019-4100-B298-A1632183EDF8}.Release|x64.ActiveCfg = Release|x64
		{99434233-1019-4100-B298-A1632183EDF8}.Release|x64.Build.0 = Release|x64
		{99434233-1019-4100-B298-A1632183EDF8}.Release|x86.ActiveCfg = Release|Win32
		{99434233-1019-4100-B298-A1632183EDF8}.Release|x86.Build.0 = Release|Win32
		{572F4A4B-F063-40E9-A4FE-8176C273C1EF}.Debug|x64.ActiveCfg = Debug|x64
		{572F4A4B-F063-40E9-A4FE-8176C273C1EF}.Debug|x64.Build.0 = Debug|x64
		{572F4A4B-F063-40E9-A4FE-8176C273C1EF}.Debug|x86.ActiveCfg = Debug|Win32
		{572F4A4B-F063-40E9-A4FE-8176C273C1EF}.Debug|x86.Build.0 = Debug|Win32
		{572F4A4B-F063-40E9-A4FE-8176C273C1EF}.Release|x64.ActiveCfg = Release|x64
		{572F4A4B-F063-40E9-A4FE-8176C273C1EF}.Release|x64.Build.0 = Release|x64
		{572F4A4B-F063-40E9-A4FE-8176C273C1EF}.Release|x86.ActiveCfg = Release|Win32
		{572F4A4B-F063-40E9-A4FE-8176C273C1EF}.Release|x86.Build.0 = Release|Win32
		{6D50E405-7266-4D56-8176-72AE6D7E0AAF}.Debug|x64.ActiveCfg = Debug|x64
		{6D50E405-7266-4D56-8176-72AE6D7E0AAF}.Debug|x64.Build.0 = Debug|x64
		{6D50E405-7266-4D56-8176-72AE6D7E0AAF}.Debug|x86.ActiveCfg = Debug|Win32
		{6D50E405-7266-4D56-8176-72AE6D7E0AAF}.Debug|x86.Build.0 = Debug|Win32
		{6D50E405-7266-4D56-8176-72AE6D7E0AAF}.Release|x64.ActiveCfg = Release|x64
		{6D50E405-7266-4D56-8176-72AE6D7E0AAF}.Release|x64.Build.0 = Release|x64
		{6D50E405-7266-4D56-8176-72AE6D7E0AAF}.Release|x86.ActiveCfg = Release|Win32
		{6D50E405-7266-4D56-8176-72AE6D7E0AAF}.Release|x86.Build.0 = Release|Win32
		{BE6B319C-CDE5-4A70-8A14-508959B6CA24}.Debug|x64.ActiveCfg = Debug|x64
		{BE6B319C-CDE5-4A70-8A14-508959B6CA24}.Debug|x64.Build.0 = Debug|x64
		{BE6B319C-CDE5-4A70-8A14-508959B6CA24}.Debug|x86.ActiveCfg = Debug|Win32
		{BE6B319C-CDE5-4A70-8A14-508959B6CA24}.Debug|x86.Build.0 = Debug|Win32
		{BE6B319C-CDE5-4A70-8A14-508959B6CA24}.Release|x64.ActiveCfg = Release|x64
		{BE6B319C-CDE5-4A70-8A14-508959B6CA24}.Release|x64.Build.0 = Release|x64
		{BE6B319C-CDE5-4A70-8A14-508959B6CA24}.Release|x86.ActiveCfg = Release|Win32
		{BE6B319C-CDE5-4A70-8A14-508959B6CA24}.Release|x86.Build.0 = Release|Win32
		{5C6937FE-9215-4F6B-9417-06302061C506}.Debug|x64.ActiveCfg = Debug|x64
		{5C6937FE-9215-4F6B-9417-06302061C506}.Debug|x64.Build.0 = Debug|x64
		{5C6937FE-9215-4F6B-9417-06302061C506}.Debug|x86.ActiveCfg = Debug|Win32
		{5C6937FE-9215-4F6B-9417-06302061C506}.Debug|x86.Build.0 = Debug|Win32
		{5C6937FE-9215-4F6B-9417-06302061C506}.Release|x64.ActiveCfg = Release|x64
		{5C6937FE-9215-4F6B-9417-06302061C506}.Release|x64.Build.0 = Release|x64
		{5C6937FE-9215-4F6B-9417-06302061C506}.Release|x86.ActiveCfg = Release|Win32
		{5C6937FE-9215-4F6B-9417-06302061C506}.Release|x86.Build.0 = Release|Win32
		{AA9BC7FD-0889-4D3E-9A81-E6B87C3B6C44}.Debug|x64.ActiveCfg = Debug|x64
		{AA9BC7FD-0889-4D3E-9A81-E6B87C3B6C44}.Debug|x64.Build.0 = Debug|x64
		{AA9BC7FD-0889-4D3E-9A81-E6B87C3B6C44}.Debug|x86.ActiveCfg = Debug|Win32
		{AA9BC7FD-0889-4D3E-9A81-E6B87C3B6C44}.Debug|x86.Build.0 = Debug|Win32
		{AA9BC7FD-0889-4D3E-9A81-E6B87C3B6C44}.Release|x64.ActiveCfg = Release|x64
		{AA9BC7FD-0889-4D3E-9A81-E6B87C3B6C44}.Release|x64.Build.0 = Release|x64
		{AA9BC7FD-0889-4D3E-9A81-E6B87C3B6C44}.Release|x86.ActiveCfg = Release|Win32
		{AA9BC7FD-0889-4D3E-9A81-E6B87C3B6C44}.Release|x86.Build.0 = Release|Win32
		{4EC136A6-49FB-411A-B1DA-D2C499856CFF}.Debug|x64.ActiveCfg = Debug|x64
		{4EC136A6-49FB-411A-B1DA-D2C499856CFF}.Debug|x64.Build.0 = Debug|x64
		{4EC136A6-49FB-411A-B1DA-D2C499856CFF}.Debug|x86.ActiveCfg = Debug|Win32
		{4EC136A6-49FB-411A-B1DA-D2C499856CFF}.Debug|x86.Build.0 = Debug|Win32
		{4EC136A6-49FB-411A-B1DA-D2C499856CFF}.Release|x64.ActiveCfg = Release|x64
		{4EC136A6-49FB-411A-B1DA-D2C499856CFF}.Release|x64.Build.0 = Release|x64
		{4EC136A6-49FB-411A-B1DA-D2C499856CFF}.Release|x86.ActiveCfg = Release|Win32
		{4EC136A6-49FB-411A-B1DA-D2C499856CFF}.Release|x86.Build.0 = Release|Win32
		{86E862F1-CA54-48A4-B75B-A3E8C5C1DC0E}.Debug|x64.ActiveCfg = Debug|x64
		{86E862F1-CA54-48A4-B75B-A3E8C5C1DC0E}.Debug|x64.Build.0 = Debug|x64
		{86E862F1-CA54-48A4-B75B-A3E8C5C1DC0E}.Debug|x86.ActiveCfg = Debug|Win32
		{86E862F1-CA54-48A4-B75B-A3E8C5C1DC0E}.Debug|x86.Build.0 = Debug|Win32
		{86E862F1-CA54-48A4-B75B-A3E8C5C1DC0E}.Release|x64.ActiveCfg = Release|x64
		{86E862F1-CA54-48A4-B75B-A3E8C5C1DC0E}.Release|x64.Build.0 = Release|x64
		{86E862F1-CA54-48A4-B75B-A3E8C5C1DC0E}.Release|x86.ActiveCfg = Release|Win32
		{86E862F1-CA54-48A4-B75B-A3E8C5C1DC0E}.Release|x86.Build.0 = Release|Win32
		{FFB6181C-6A3A-43E5-95BE-FC60B3E207B1}.Debug|x64.ActiveCfg = Debug|x64
		{FFB6181C-6A3A-43E5-95BE-FC60B3E207B1}.Debug|x64.Build.0 = Debug|x64
		{FFB6181C-6A3A-43E5-95BE-FC60B3E207B1}.Debug|x86.ActiveCfg = Debug|Win32
		{FFB6181C-6A3A-43E5-95BE-FC60B3E207B1}.Debug|x86.Build.0 = Debug|Win32
		{FFB6181C-6A3A-43E5-95BE-FC60B3E207B1}.Release|x64.ActiveCfg = Release|x64
		{FFB6181C-6A3A-43E5-95BE-FC60B3E207B1}.Release|x64.Build.0 = Release|x64
		{FFB6181C-6A3A-43E5-95BE-FC60B3E207B1}.Release|x86.ActiveCfg = Release|Win32
		{FFB6181C-6A3A-43E5-95BE-FC60B3E207B1}.Release|x86.Build.0 = Release|Win32
		{8CC48926-9B99-4649-B212-96F9BB192CAF}.Debug|x64.ActiveCfg = Debug|x64
		{8CC48926-9B99-4649-B212-96F9BB192CAF}.Debug|x64.Build.0 = Debug|x64
		{8CC48926-9B99-4649-B212-96F9BB192CAF}.Debug|x86.ActiveCfg = Debug|Win32
		{8CC48926-9B99-4649-B212-96F9BB192CAF}.Debug|x86.Build.0 = Debug|Win32
		{8CC48926-9B99-4649-B212-96F9BB192CAF}.Release|x64.ActiveCfg = Release|x64
		{8CC48926-9B99-4649-B212-96F9BB192CAF}.Release|x64.Build.0 = Release|x64
		{8CC48926-9B99-4649-B212-96F9BB192CAF}.Release|x86.ActiveCfg = Release|Win32
		{8CC48926-9B99-4649-B212-96F9BB192CAF}.Release|x86.Build.0 = Release|Win32
		{4C4B4D8B-FB34-4873-9890-AB325CE3F9D2}.Debug|x64.ActiveCfg = Debug|x64
		{4C4B4D8B-FB34-4873-9890-AB325CE3F9D2}.Debug|x64.Build.0 = Debug|x64
		{4C4B4D8B-FB34-4873-9890-AB325CE3F9D2}.Debug|x86.ActiveCfg = Debug|Win32
		{4C4B4D8B-FB34-4873-9890-AB325CE3F9D2}.Debug|x86.Build.0 = Debug|Win32
		{4C4B4D8B-FB34-4873-9890-AB325CE3F9D2}.Release|x64.ActiveCfg = Release|x64
		{4C4B4D8B-FB34-4873-9890-AB325CE3F9D2}.Release|x64.Build.0 = Release|x64
		{4C4B4D8B-FB34-4873-9890-AB325CE3F9D2}.Release|x86.ActiveCfg = Release|Win32
		{4C4B4D8B-FB34-4873-9890-AB325CE3F9D2}.Release|x86.Build.0 = Release|Win32
		{8EC4F24D-0FF4-4FCE-ABBA-76EB648DB66B}.Debug|x64.ActiveCfg = Debug|x64
		{8EC4F24D-0FF4-4FCE-ABBA-76EB648DB66B}.Debug|x64.Build.0 = Debug|x64
		{8EC4F24D-0FF4-4FCE-ABBA-76EB648DB66B}.Debug|x86.ActiveCfg = Debug|Win32
		{8EC4F24D-0FF4-4FCE-ABBA-76EB648DB66B}.Debug|x86.Build.0 = Debug|Win32
		{8EC4F24D-0FF4-4FCE-ABBA-76EB648DB66B}.Release|x64.ActiveCfg = Release|x64
		{8EC4F24D-0FF4-4FCE-ABBA-76EB648DB66B}.Release|x64.Build.0 = Release|x64
		{8EC4F24D-0FF4-4FCE-ABBA-76EB648DB66B}.Release|x86.ActiveCfg = Release|Win32
		{8EC4F24D-0FF4-4FCE-ABBA-76EB648DB66B}.Release|x86.Build.0 = Release|Win32
		{98E7753B-C469-4CC5-A8CD-FC64E84C00D2}.Debug|x64.ActiveCfg = Debug|x64
		{98E7753B-C469-4CC5-A8CD-FC64E84C00D2}.Debug|x64.Build.0 = Debug|x64
		{98E7753B-C469-4CC5-A8CD-FC64E84C00D2}.Debug|x86.ActiveCfg = Debug|Win32
		{98E7753B-C469-4CC5-A8CD-FC64E84C00D2}.Debug|x86.Build.0 = Debug|Win32
		{98E7753B-C469-4CC5-A8CD-FC64E84C00D2}.Release|x64.ActiveCfg = Release|x64
		{98E7753B-C469-4CC5-A8CD-FC64E84C00D2}.Release|x64.Build.0 = Release|x64
		{98E7753B-C469-4CC5-A8CD-FC64E84C00D2}.Release|x86.ActiveCfg = Release|Win32
		{98E7753B-C469-4CC5-A8CD-FC64E84C00D2}.Release|x86.Build.0 = Release|Win32
		{53DAD864-724A-479B-B841-5DF4F462B604}.Debug|x64.ActiveCfg = Debug|x64
		{53DAD864-724A-479B-B841-5DF4F462B604}.Debug|x64.Build.0 = Debug|x64
		{53DAD864-724A-479B-B841-5DF4F462B604}.Debug|x86.ActiveCfg = Debug|Win32
		{53DAD864-724A-479B-B841-5DF4F462B604}.Debug|x86.Build.0 = Debug|Win32
		{53DAD864-724A-479B-B841-5DF4F462B604}.Release|x64.ActiveCfg = Release|x64
		{53DAD864-724A-479B-B841-5DF4F462B604}.Release|x64.Build.0 = Release|x64
		{53DAD864-724A-479B-B841-5DF4F462B604}.Release|x86.ActiveCfg = Release|Win32
		{53DAD864-724A-479B-B841-5DF4F462B604}.Release|x86.Build.0 = Release|Win32
		{7F7DD0C4-5D72-46C9-B421-66C4B87180BE}.Debug|x64.ActiveCfg = Debug|x64
		{7F7DD0C4-5D72-46C9-B421-66C4B87180BE}.Debug|x64.Build.0 = Debug|x64
		{7F7DD0C4-5D72-46C9-B421-66C4B87180BE}.Debug|x86.ActiveCfg = Debug|Win32
		{7F7DD0C4-5D72-46C9-B421-66C4B87180BE}.Debug|x86.Build.0 = Debug|Win32
		{7F7DD0C4-5D72-46C9-B421-66C4B87180BE}.Release|x64.ActiveCfg = Release|x64
		{7F7DD0C4-5D72-46C9-B421-66C4B87180BE}.Release|x64.Build.0 = Release|x64
		{7F7DD0C4-5D72-46C9-B421-66C4B87180BE}.Release|x86.ActiveCfg = Release|Win32
		{7F7DD0C4-5D72-46C9-B421-66C4B87180BE}.Release|x86.Build.0 = Release|Win32
		{317962C8-407E-4FE6-84B9-5722AD2389C9}.Debug|x64.ActiveCfg = Debug|x64
		{317962C8-407E-4FE6-84B9-5722AD2389C9}.Debug|x64.Build.0 = Debug|x64
		{317962C8-407E-4FE6-84B9-5722AD2389C9}.Debug|x86.ActiveCfg = Debug|Win32
		{317962C8-407E-4FE6-84B9-5722AD2389C9}.Debug|x86.Build.0 = Debug|Win32
		{317962C8-407E-4FE6-84B9-5722AD2389C9}.Release|x64.ActiveCfg = Release|x64
		{317962C8-407E-4FE6-84B9-5722AD2389C9}.Release|x64.Build.0 = Release|x64
		{317962C8-407E-4FE6-84B9-5722AD2389C9}.Release|x86.ActiveCfg = Release|Win32
		{317962C8-407E-4FE6-84B9-5722AD2389C9}.Release|x86.Build.0 = Release|Win32
		{2615473E-7DAE-4449-9CA9-192E97C9B10C}.Debug|x64.ActiveCfg = Debug|x64
		{2615473E-7DAE-4449-9CA9-192E97C9B10C}.Debug|x64.Build.0 = Debug|x64
		{2615473E-7DAE-4449-9CA9-192E97C9B10C}.Debug|x86.ActiveCfg = Debug|Win32
		{2615473E-7DAE-4449-9CA9-192E97C9B10C}.Debug|x86.Build.0 = Debug|Win32
		{2615473E-7DAE-4449-9CA9-192E97C9B10C}.Release|x64.ActiveCfg = Release|x64
		{2615473E-7DAE-4449-9CA9-192E97C9B10C}.Release|x64.Build.0 = Release|x64
		{2615473E-7DAE-4449-9CA9-192E97C9B10C}.Release|x86.ActiveCfg = Release|Win32
		{2615473E-7DAE-4449-9CA9-192E97C9B10C}.Release|x86.Build.0 = Release|Win32
		{871BDAFD-CBBE-493E-993A-7557954EE472}.Debug|x64.ActiveCfg = Debug|x64
		{871BDAFD-CBBE-493E-993A-7557954EE472}.Debug|x64.Build.0 = Debug|x64
		{871BDAFD-CBBE-493E-993A-7557954EE472}.Debug|x86.ActiveCfg = Debug|Win32
		{871BDAFD-CBBE-493E-993A-7557954EE472}.Debug|x86.Build.0 = Debug|Win32
		{871BDAFD-CBBE-493E-993A-7557954EE472}.Release|x64.ActiveCfg = Release|x64
		{871BDAFD-CBBE-493E-993A-7557954EE472}.Release|x64.Build.0 = Release|x64
		{871BDAFD-CBBE-493E-993A-7557954EE472}.Release|x86.ActiveCfg = Release|Win32
		{871BDAFD-CBBE-493E-993A-7557954EE472}.Release|x86.Build.0 = Release|Win32
		{4E109501-7C4C-43C6-841E-B0F4214472AD}.Debug|x64.ActiveCfg = Debug|x64
		{4E109501-7C4C-43C6-841E-B0F4214472AD}.Debug|x64.Build.0 = Debug|x64
		{4E109501-7C4C-43C6-841E-B0F4214472AD}.Debug|x86.ActiveCfg = Debug|Win32
		{4E109501-7C4C-43C6-841E-B0F4214472AD}.Debug|x86.Build.0 = Debug|Win32
		{4E109501-7C4C-43C6-841E-B0F4214472AD}.Release|x64.ActiveCfg = Release|x64
		{4E109501-7C4C-43C6-841E-B0F4214472AD}.Release|x64.Build.0 = Release|x64
		{4E109501-7C4C-43C6-841E-B0F4214472AD}.Release|x86.ActiveCfg = Release|Win32
		{4E109501-7C4C-43C6-841E-B0F4214472AD}.Release|x86.Build.0 = Release|Win32
		{48B1B760-4817-4DCF-A7A5-8B0F56872C78}.Debug|x64.ActiveCfg = Debug|x64
		{48B1B760-4817-4DCF-A7A5-8B0F56872C78}.Debug|x64.Build.0 = Debug|x64
		{48B1B760-4817-4DCF-A7A5-8B0F56872C78}.Debug|x86.ActiveCfg = Debug|Win32
		{48B1B760-4817-4DCF-A7A5-8B0F56872C78}.Debug|x86.Build.0 = Debug|Win32
		{48B1B760-4817-4DCF-A7A5-8B0F56872C78}.Release|x64.ActiveCfg = Release|x64
		{48B1B760-4817-4DCF-A7A5-8B0F56872C78}.Release|x64.Build.0 = Release|x64
		{48B1B760-4817-4DCF-A7A5-8B0F56872C78}.Release|x86.ActiveCfg = Release|Win32
		{48B1B760-4817-4DCF-A7A5-8B0F56872C78}.Release|x86.Build.0 = Release|Win32
		{27EC91AB-F06F-4120-B432-E59E63150A4D}.Debug|x64.ActiveCfg = Debug|x64
		{27EC91AB-F06F-4120-B432-E59E63150A4D}.Debug|x64.Build.0 = Debug|x64
		{27EC91AB-F06F-4120-B432-E59E63150A4D}.Debug|x86.ActiveCfg = Debug|Win32
		{27EC91AB-F06F-4120-B432-E59E63150A4D}.Debug|x86.Build.0 = Debug|Win32
		{27EC91AB-F06F-4120-B432-E59E63150A4D}.Release|x64.ActiveCfg = Release|x64
		{27EC91AB-F06F-4120-B432-E59E63150A4D}.Release|x64.Build.0 = Release|x64
		{27EC91AB-F06F-4120-B432-E59E63150A4D}.Release|x86.ActiveCfg = Release|Win32
		{27EC91AB-F06F-4120-B432-E59E63150A4D}.Release|x86.Build.0 = Release|Win32
	EndGlobalSection
	GlobalSection(SolutionProperties) = preSolution
		HideSolutionNode = FALSE
	EndGlobalSection
	GlobalSection(NestedProjects) = preSolution
		{99434233-1019-4100-B298-A1632183EDF8} = {65802862-EBE8-4869-BD46-5C05FBE18879}
		{572F4A4B-F063-40E9-A4FE-8176C273C1EF} = {65802862-EBE8-4869-BD46-5C05FBE18879}
		{6D50E405-7266-4D56-8176-72AE6D7E0AAF} = {34CCF30A-6352-4474-8B14-EE5E18AB3F4F}
		{BE6B319C-CDE5-4A70-8A14-508959B6CA24} = {34CCF30A-6352-4474-8B14-EE5E18AB3F4F}
		{5C6937FE-9215-4F6B-9417-06302061C506} = {34CCF30A-6352-4474-8B14-EE5E18AB3F4F}
		{AA9BC7FD-0889-4D3E-9A81-E6B87C3B6C44} = {1AA5C7DD-A31E-4BC4-A6BC-6E07CC5FB454}
		{4EC136A6-49FB-411A-B1DA-D2C499856CFF} = {1AA5C7DD-A31E-4BC4-A6BC-6E07CC5FB454}
		{86E862F1-CA54-48A4-B75B-A3E8C5C1DC0E} = {1AA5C7DD-A31E-4BC4-A6BC-6E07CC5FB454}
		{FFB6181C-6A3A-43E5-95BE-FC60B3E207B1} = {E2773D6B-CC53-44A6-A922-F742D1412523}
		{8CC48926-9B99-4649-B212-96F9BB192CAF} = {E2773D6B-CC53-44A6-A922-F742D1412523}
		{4C4B4D8B-FB34-4873-9890-AB325CE3F9D2} = {E2773D6B-CC53-44A6-A922-F742D1412523}
		{8EC4F24D-0FF4-4FCE-ABBA-76EB648DB66B} = {E2773D6B-CC53-44A6-A922-F742D1412523}
		{98E7753B-C469-4CC5-A8CD-FC64E84C00D2} = {3F238D85-F9EE-424A-A6B8-93AA6143AC7C}
		{53DAD864-724A-479B-B841-5DF4F462B604} = {3F238D85-F9EE-424A-A6B8-93AA6143AC7C}
		{7F7DD0C4-5D72-46C9-B421-66C4B87180BE} = {3F238D85-F9EE-424A-A6B8-93AA6143AC7C}
		{317962C8-407E-4FE6-84B9-5722AD2389C9} = {307D65F7-62D5-48D5-B35E-EF350223CFD0}
		{2615473E-7DAE-4449-9CA9-192E97C9B10C} = {307D65F7-62D5-48D5-B35E-EF350223CFD0}
		{871BDAFD-CBBE-493E-993A-7557954EE472} = {307D65F7-62D5-48D5-B35E-EF350223CFD0}
		{4E109501-7C4C-43C6-841E-B0F4214472AD} = {168DE9BF-9E90-4D97-91C1-B53EDED94A4C}
		{48B1B760-4817-4DCF-A7A5-8B0F56872C78} = {168DE9BF-9E90-4D97-91C1-B53EDED94A4C}
		{27EC91AB-F06F-4120-B432-E59E63150A4D} = {CB5D3296-40AB-4E15-8042-DA81695C5263}
	EndGlobalSection
	GlobalSection(ExtensibilityGlobals) = postSolution
		SolutionGuid = {C83731BA-1AAE-4CC3-8B7B-981F9DC21F24}
	EndGlobalSection
EndGlobal
