
Microsoft Visual Studio Solution File, Format Version 12.00
# Visual Studio Version 17
VisualStudioVersion = 17.9.34723.18
MinimumVisualStudioVersion = 10.0.40219.1
Project("{8BC9CEB8-8B4A-11D0-8D11-00A0C91BC942}") = "CPP 01. First project", "CPP 01. First project\CPP 01. First project.vcxproj", "{99434233-1019-4100-B298-A1632183EDF8}"
EndProject
Project("{2150E333-8FDC-42A3-9474-1A3956D46DE8}") = "CPP 01", "CPP 01", "{65802862-EBE8-4869-BD46-5C05FBE18879}"
EndProject
Project("{8BC9CEB8-8B4A-11D0-8D11-00A0C91BC942}") = "CPP 01. Escape sequences", "CPP 01. Escape sequences\CPP 01. Escape sequences.vcxproj", "{572F4A4B-F063-40E9-A4FE-8176C273C1EF}"
EndProject
Project("{2150E333-8FDC-42A3-9474-1A3956D46DE8}") = "CPP 02", "CPP 02", "{34CCF30A-6352-4474-8B14-EE5E18AB3F4F}"
EndProject
Project("{8BC9CEB8-8B4A-11D0-8D11-00A0C91BC942}") = "CPP 02. Datatypes", "CPP 02. Datatypes\CPP 02. Datatypes.vcxproj", "{6D50E405-7266-4D56-8176-72AE6D7E0AAF}"
EndProject
Project("{8BC9CEB8-8B4A-11D0-8D11-00A0C91BC942}") = "CPP 02. Unsigned datatypes", "CPP 02. Unsigned datatypes\CPP 02. Unsigned datatypes.vcxproj", "{BE6B319C-CDE5-4A70-8A14-508959B6CA24}"
EndProject
Project("{8BC9CEB8-8B4A-11D0-8D11-00A0C91BC942}") = "СPP 02. Operators", "СPP 02. Operators\СPP 02. Operators.vcxproj", "{5C6937FE-9215-4F6B-9417-06302061C506}"
EndProject
Project("{2150E333-8FDC-42A3-9474-1A3956D46DE8}") = "CPP 03", "CPP 03", "{1AA5C7DD-A31E-4BC4-A6BC-6E07CC5FB454}"
EndProject
Project("{8BC9CEB8-8B4A-11D0-8D11-00A0C91BC942}") = "CPP 03. Typecasting", "CPP 03. Typecasting\CPP 03. Typecasting.vcxproj", "{AA9BC7FD-0889-4D3E-9A81-E6B87C3B6C44}"
EndProject
Project("{8BC9CEB8-8B4A-11D0-8D11-00A0C91BC942}") = "CPP 03. Comparison operators", "CPP 03. Comparison operators\CPP 03. Comparison operators.vcxproj", "{4EC136A6-49FB-411A-B1DA-D2C499856CFF}"
EndProject
Project("{8BC9CEB8-8B4A-11D0-8D11-00A0C91BC942}") = "CPP 03. if else", "CPP 03. if else\CPP 03. if else.vcxproj", "{86E862F1-CA54-48A4-B75B-A3E8C5C1DC0E}"
EndProject
Project("{2150E333-8FDC-42A3-9474-1A3956D46DE8}") = "CPP 04", "CPP 04", "{E2773D6B-CC53-44A6-A922-F742D1412523}"
EndProject
Project("{8BC9CEB8-8B4A-11D0-8D11-00A0C91BC942}") = "CPP 04. Logical operators", "CPP 04. Logical operators\CPP 04. Logical operators.vcxproj", "{FFB6181C-6A3A-43E5-95BE-FC60B3E207B1}"
EndProject
Project("{8BC9CEB8-8B4A-11D0-8D11-00A0C91BC942}") = "CPP 04. Trernary operator", "CPP 04. Trernary operator\CPP 04. Trernary operator.vcxproj", "{8CC48926-9B99-4649-B212-96F9BB192CAF}"
EndProject
Project("{8BC9CEB8-8B4A-11D0-8D11-00A0C91BC942}") = "CPP 04. switch case", "CPP 04. switch case\CPP 04. switch case.vcxproj", "{4C4B4D8B-FB34-4873-9890-AB325CE3F9D2}"
EndProject
Project("{8BC9CEB8-8B4A-11D0-8D11-00A0C91BC942}") = "CPP 04. enum vs switch", "CPP 04. enum vs switch\CPP 04. enum vs switch.vcxproj", "{8EC4F24D-0FF4-4FCE-ABBA-76EB648DB66B}"
EndProject
Project("{2150E333-8FDC-42A3-9474-1A3956D46DE8}") = "CPP 05", "CPP 05", "{3F238D85-F9EE-424A-A6B8-93AA6143AC7C}"
EndProject
Project("{8BC9CEB8-8B4A-11D0-8D11-00A0C91BC942}") = "CPP 05. Loops While", "CPP 05. Loops While\CPP 05. Loops While.vcxproj", "{98E7753B-C469-4CC5-A8CD-FC64E84C00D2}"
EndProject
Project("{8BC9CEB8-8B4A-11D0-8D11-00A0C91BC942}") = "CPP 05. Loops do while", "CPP 05. Loops do while\CPP 05. Loops do while.vcxproj", "{53DAD864-724A-479B-B841-5DF4F462B604}"
EndProject
Project("{8BC9CEB8-8B4A-11D0-8D11-00A0C91BC942}") = "CPP 05. loops for", "CPP 05. loops for\CPP 05. loops for.vcxproj", "{7F7DD0C4-5D72-46C9-B421-66C4B87180BE}"
EndProject
Project("{2150E333-8FDC-42A3-9474-1A3956D46DE8}") = "CPP 06", "CPP 06", "{307D65F7-62D5-48D5-B35E-EF350223CFD0}"
EndProject
Project("{8BC9CEB8-8B4A-11D0-8D11-00A0C91BC942}") = "CPP 06. break, continue", "CPP 06. break, continue\CPP 06. break, continue.vcxproj", "{317962C8-407E-4FE6-84B9-5722AD2389C9}"
EndProject
Project("{8BC9CEB8-8B4A-11D0-8D11-00A0C91BC942}") = "CPP 06. Arrays", "CPP 06. Arrays\CPP 06. Arrays.vcxproj", "{2615473E-7DAE-4449-9CA9-192E97C9B10C}"
EndProject
Project("{8BC9CEB8-8B4A-11D0-8D11-00A0C91BC942}") = "CPP 06. fill random value", "CPP 06. fill random value\CPP 06. fill random value.vcxproj", "{871BDAFD-CBBE-493E-993A-7557954EE472}"
EndProject
Project("{2150E333-8FDC-42A3-9474-1A3956D46DE8}") = "CPP 07", "CPP 07", "{168DE9BF-9E90-4D97-91C1-B53EDED94A4C}"
EndProject
Project("{8BC9CEB8-8B4A-11D0-8D11-00A0C91BC942}") = "CPP 07. Search algorithms", "CPP 07. Search algorithms\CPP 07. Search algorithms.vcxproj", "{4E109501-7C4C-43C6-841E-B0F4214472AD}"
EndProject
Project("{8BC9CEB8-8B4A-11D0-8D11-00A0C91BC942}") = "CPP 07. Sorting algorithms", "CPP 07. Sorting algorithms\CPP 07. Sorting algorithms.vcxproj", "{48B1B760-4817-4DCF-A7A5-8B0F56872C78}"
EndProject
Project("{2150E333-8FDC-42A3-9474-1A3956D46DE8}") = "CPP 08", "CPP 08", "{CB5D3296-40AB-4E15-8042-DA81695C5263}"
EndProject
Project("{8BC9CEB8-8B4A-11D0-8D11-00A0C91BC942}") = "CPP 08. Multidimension arrays", "CPP 08. Multidimension arrays\CPP 08. Multidimension arrays.vcxproj", "{27EC91AB-F06F-4120-B432-E59E63150A4D}"
EndProject
Project("{2150E333-8FDC-42A3-9474-1A3956D46DE8}") = "CPP 09", "CPP 09", "{E98B1C7D-CBAC-444B-A787-7B907578DD52}"
EndProject
Project("{8BC9CEB8-8B4A-11D0-8D11-00A0C91BC942}") = "CPP 09. Functions", "CPP 09. Functions\CPP 09. Functions.vcxproj", "{4EB55CF3-46CA-4D9A-AB29-C6E50E1B984E}"
EndProject
Project("{8BC9CEB8-8B4A-11D0-8D11-00A0C91BC942}") = "CPP 09. Scope zones", "CPP 09. Scope zones\CPP 09. Scope zones.vcxproj", "{76F81961-1EC9-4875-99E8-FBC6CD88755E}"
EndProject
Project("{8BC9CEB8-8B4A-11D0-8D11-00A0C91BC942}") = "CPP 09. arrays in functions", "CPP 09. arrays in functions\CPP 09. arrays in functions.vcxproj", "{A0005904-1E79-4D8C-9C8F-7020E6613BD1}"
EndProject
Project("{2150E333-8FDC-42A3-9474-1A3956D46DE8}") = "CPP 11", "CPP 11", "{E4B24541-1282-4EB6-A6F9-04AD21DBCBFA}"
EndProject
Project("{2150E333-8FDC-42A3-9474-1A3956D46DE8}") = "CPP 10", "CPP 10", "{FEDD5A6B-104E-4B7A-9CC8-CF94D8BD8F2F}"
EndProject
Project("{8BC9CEB8-8B4A-11D0-8D11-00A0C91BC942}") = "CPP 10. Default parameters", "CPP 10. Default parameters\CPP 10. Default parameters.vcxproj", "{F9563650-C7F7-4748-BE3E-0B0B0169D131}"
EndProject
Project("{8BC9CEB8-8B4A-11D0-8D11-00A0C91BC942}") = "CPP 10. function overloading", "CPP 10. function overloading\CPP 10. function overloading.vcxproj", "{B93C623A-D9FE-4924-B6E4-314181F55416}"
EndProject
Project("{8BC9CEB8-8B4A-11D0-8D11-00A0C91BC942}") = "CPP 10. Functions protoype", "CPP 10. Functions protoype\CPP 10. Functions protoype.vcxproj", "{736AC5B2-1240-4A95-8A27-02A5E8AF4059}"
EndProject
Project("{8BC9CEB8-8B4A-11D0-8D11-00A0C91BC942}") = "CPP 10. Template functions", "CPP 10. Template functions\CPP 10. Template functions.vcxproj", "{929F9759-1569-4047-9F91-948B47F2703A}"
EndProject
Project("{8BC9CEB8-8B4A-11D0-8D11-00A0C91BC942}") = "CPP 11. Recursion", "CPP 11. Recursion\CPP 11. Recursion.vcxproj", "{C1E74505-9DB4-41EC-B6E8-6F9EA7CEAFF2}"
EndProject
Project("{8BC9CEB8-8B4A-11D0-8D11-00A0C91BC942}") = "CPP 11. Quick Sort", "CPP 11. Quick Sort\CPP 11. Quick Sort.vcxproj", "{CCF10F27-7F73-46E4-814B-F8BEF574FC1F}"
EndProject
Project("{2150E333-8FDC-42A3-9474-1A3956D46DE8}") = "CPP 12", "CPP 12", "{CCD5E1A5-EBC7-4BBE-A4A0-23A4D9C48C63}"
EndProject
Project("{8BC9CEB8-8B4A-11D0-8D11-00A0C91BC942}") = "CPP 12. Pointers", "CPP 12. Pointers\CPP 12. Pointers.vcxproj", "{9AE00587-C8F1-405E-AA81-B7E80B40FBD2}"
EndProject
Project("{8BC9CEB8-8B4A-11D0-8D11-00A0C91BC942}") = "CPP 12. pointers and functions", "CPP 12. pointers and functions\CPP 12. pointers and functions.vcxproj", "{0FEC48C1-131E-40F3-9F35-0D880F41B5BA}"
EndProject
Project("{8BC9CEB8-8B4A-11D0-8D11-00A0C91BC942}") = "CPP 12. arrays and pointers", "CPP 12. arrays and pointers\CPP 12. arrays and pointers.vcxproj", "{297F549A-2F1F-4E73-A6D1-FB0F49C42828}"
EndProject
Project("{2150E333-8FDC-42A3-9474-1A3956D46DE8}") = "CPP 13", "CPP 13", "{036EF4F9-9052-4424-BCE0-4A07D26EAB5D}"
EndProject
Project("{8BC9CEB8-8B4A-11D0-8D11-00A0C91BC942}") = "CPP 13. Pointers arithmetics", "CPP 13. Pointers arithmetics\CPP 13. Pointers arithmetics.vcxproj", "{0B6C6FAE-95BD-4360-8C03-118EF2585937}"
EndProject
Project("{8BC9CEB8-8B4A-11D0-8D11-00A0C91BC942}") = "CPP 13. Reference", "CPP 13. Reference\CPP 13. Reference.vcxproj", "{E6E68043-6C25-4C6F-A3E4-5D9482F6F239}"
EndProject
Project("{8BC9CEB8-8B4A-11D0-8D11-00A0C91BC942}") = "CPP 13. Dynamic memory", "CPP 13. Dynamic memory\CPP 13. Dynamic memory.vcxproj", "{3863D45B-0EC0-4C81-B7D3-C763396FD6C8}"
EndProject
Project("{2150E333-8FDC-42A3-9474-1A3956D46DE8}") = "CPP 14", "CPP 14", "{202AB8A7-71DB-4215-BCCD-7E3130F731BA}"
EndProject
Project("{8BC9CEB8-8B4A-11D0-8D11-00A0C91BC942}") = "CPP 14. Dynamic Arrays", "CPP 14. Dynamic Arrays\CPP 14. Dynamic Arrays.vcxproj", "{ECD829F4-6F1B-40B9-A6F9-59BB3BC3D556}"
EndProject
Project("{2150E333-8FDC-42A3-9474-1A3956D46DE8}") = "CPP 15", "CPP 15", "{4073C164-A397-4D34-AB84-120E5214268B}"
EndProject
Project("{8BC9CEB8-8B4A-11D0-8D11-00A0C91BC942}") = "CPP 15. C Ctrings", "CPP 15. C Ctrings\CPP 15. C Ctrings.vcxproj", "{CDB0BCFE-12EE-435E-AE58-9A6F09F43DFC}"
EndProject
Project("{8BC9CEB8-8B4A-11D0-8D11-00A0C91BC942}") = "CPP 15. C string functions", "CPP 15. C string functions\CPP 15. C string functions.vcxproj", "{F1CAAD71-244C-4980-801A-9C2CF21031A2}"
EndProject
Project("{8BC9CEB8-8B4A-11D0-8D11-00A0C91BC942}") = "CPP 15. Game (symbol input output)", "CPP 15. Game (symbol input output)\CPP 15. Game (symbol input output).vcxproj", "{4F62B093-2B32-4BAD-89DE-6D470ED90ED0}"
EndProject
Project("{2150E333-8FDC-42A3-9474-1A3956D46DE8}") = "CPP 16", "CPP 16", "{3E5AB24F-917A-4CE2-8793-C29786450DD0}"
EndProject
Project("{8BC9CEB8-8B4A-11D0-8D11-00A0C91BC942}") = "CPP 16. Pointer to pointers", "CPP 16. Pointer to pointers\CPP 16. Pointer to pointers.vcxproj", "{B3711437-6025-4F8E-81DF-9664E9F0D20C}"
EndProject
Project("{8BC9CEB8-8B4A-11D0-8D11-00A0C91BC942}") = "CPP 16. Multi Dimensional Dynamic Arrays", "CPP 16. Multi Dimensional Dynamic Arrays\CPP 16. Multi Dimensional Dynamic Arrays.vcxproj", "{2EA90365-8FAF-417C-BCCF-D9885D290F26}"
EndProject
Project("{8BC9CEB8-8B4A-11D0-8D11-00A0C91BC942}") = "CPP 16. Jagged Arrays", "CPP 16. Jagged Arrays\CPP 16. Jagged Arrays.vcxproj", "{3B221080-5669-4546-B44C-84520C4F67F5}"
EndProject
Project("{2150E333-8FDC-42A3-9474-1A3956D46DE8}") = "CPP 17", "CPP 17", "{12A78EDC-3118-45F3-8E7E-E93F0BFC419E}"
EndProject
Project("{8BC9CEB8-8B4A-11D0-8D11-00A0C91BC942}") = "CPP 17. Structs", "CPP 17. Structs\CPP 17. Structs.vcxproj", "{B8CE2D6D-C126-430E-A7BA-875E46F10B02}"
EndProject
Project("{8BC9CEB8-8B4A-11D0-8D11-00A0C91BC942}") = "CPP 17. Structs allignment", "CPP 17. Structs allignment\CPP 17. Structs allignment.vcxproj", "{7A9FECA5-9626-4F5F-9D44-C637E8F11777}"
EndProject
Project("{2150E333-8FDC-42A3-9474-1A3956D46DE8}") = "CPP 18", "CPP 18", "{36E3D07E-EAFD-49BF-802B-BCE2420B9FC7}"
EndProject
Project("{8BC9CEB8-8B4A-11D0-8D11-00A0C91BC942}") = "CPP 18. Bitwise operators", "CPP 18. Bitwise operators\CPP 18. Bitwise operators.vcxproj", "{2BC8652F-FC38-4C8D-860F-AE99F7209F0B}"
EndProject
Project("{2150E333-8FDC-42A3-9474-1A3956D46DE8}") = "CPP 19", "CPP 19", "{F60E73C3-C714-43E5-AE07-A5D57E5244C1}"
EndProject
Project("{8BC9CEB8-8B4A-11D0-8D11-00A0C91BC942}") = "CPP 19. Bitfields", "CPP 19. Bitfields\CPP 19. Bitfields.vcxproj", "{70ADDFB8-0B7E-42AA-B4D4-FFA8A3A908E3}"
EndProject
Project("{8BC9CEB8-8B4A-11D0-8D11-00A0C91BC942}") = "CPP 19. Union", "CPP 19. Union\CPP 19. Union.vcxproj", "{7EECC1E4-6F72-41B0-B015-9C6E42723DA7}"
EndProject
Project("{8BC9CEB8-8B4A-11D0-8D11-00A0C91BC942}") = "CPP 19. Preprocessor", "CPP 19. Preprocessor\CPP 19. Preprocessor.vcxproj", "{3C9B1E0C-4C4B-4E8A-BE89-907111A81259}"
EndProject
Project("{2150E333-8FDC-42A3-9474-1A3956D46DE8}") = "CPP 20", "CPP 20", "{5C611386-47BF-4EAC-A36F-53A416715789}"
EndProject
Project("{8BC9CEB8-8B4A-11D0-8D11-00A0C91BC942}") = "CPP 20. own instance in struct", "CPP 20. own instance in struct\CPP 20. own instance in struct.vcxproj", "{A81FAAA3-29E6-4213-BD6C-D77C88E4A420}"
EndProject
Project("{8BC9CEB8-8B4A-11D0-8D11-00A0C91BC942}") = "CPP 20. Pointer to func", "CPP 20. Pointer to func\CPP 20. Pointer to func.vcxproj", "{84DEAFFA-4936-4239-9E1B-59934B77462C}"
EndProject
Project("{2150E333-8FDC-42A3-9474-1A3956D46DE8}") = "CPP 21", "CPP 21", "{F3BDBDE2-3C08-429D-8F26-B47F40FE9922}"
EndProject
Project("{8BC9CEB8-8B4A-11D0-8D11-00A0C91BC942}") = "CPP 21. Files", "CPP 21. Files\CPP 21. Files.vcxproj", "{B16E134F-3CC4-4691-8E56-4913BF4E057D}"
EndProject
Project("{2150E333-8FDC-42A3-9474-1A3956D46DE8}") = "CPP 22", "CPP 22", "{D4C223E5-1F4C-4EDF-B7CC-31079621D71A}"
EndProject
Project("{8BC9CEB8-8B4A-11D0-8D11-00A0C91BC942}") = "CPP 22. Colors", "CPP 22. Colors\CPP 22. Colors.vcxproj", "{0E73354D-A0BD-4378-83FE-7DDFC1018CCA}"
EndProject
Project("{2150E333-8FDC-42A3-9474-1A3956D46DE8}") = "CPP 23", "CPP 23", "{12B451EA-F14C-4746-9FA7-49EDF2D78EB1}"
EndProject
Project("{8BC9CEB8-8B4A-11D0-8D11-00A0C91BC942}") = "CPP 23. OOP Intro", "CPP 23. OOP Intro\CPP 23. OOP Intro.vcxproj", "{BEB87FD0-DA16-4624-9943-8F2CA6228D4B}"
EndProject
Project("{8BC9CEB8-8B4A-11D0-8D11-00A0C91BC942}") = "CPP 23. Member Methods", "CPP 23. Member Methods\CPP 23. Member Methods.vcxproj", "{21E76CB3-EDED-473D-8DEB-D3180DDBB454}"
EndProject
Project("{8BC9CEB8-8B4A-11D0-8D11-00A0C91BC942}") = "CPP 23. Encupsulation", "CPP 23. Encupsulation\CPP 23. Encupsulation.vcxproj", "{9FA70BCE-79D6-494D-A34A-F677B820D9ED}"
EndProject
Project("{2150E333-8FDC-42A3-9474-1A3956D46DE8}") = "CPP 24", "CPP 24", "{683E7580-863D-4CFF-AFE8-1C4912C2B86A}"
EndProject
Project("{8BC9CEB8-8B4A-11D0-8D11-00A0C91BC942}") = "CPP 24. Constructor", "CPP 24. Constructor\CPP 24. Constructor.vcxproj", "{F0E546F4-5184-44DC-AAFE-E0B80CB4B9EA}"
EndProject
Project("{8BC9CEB8-8B4A-11D0-8D11-00A0C91BC942}") = "CPP 24. Destructor", "CPP 24. Destructor\CPP 24. Destructor.vcxproj", "{46CE80A5-CEA0-4D91-A2DC-BDA7A1E778E0}"
EndProject
Project("{8BC9CEB8-8B4A-11D0-8D11-00A0C91BC942}") = "CPP 24. this parameter", "CPP 24. this parameter\CPP 24. this parameter.vcxproj", "{6CA1A2FF-04EF-4781-B9BD-BB0D1D0B9980}"
EndProject
Global
	GlobalSection(SolutionConfigurationPlatforms) = preSolution
		Debug|x64 = Debug|x64
		Debug|x86 = Debug|x86
		Release|x64 = Release|x64
		Release|x86 = Release|x86
	EndGlobalSection
	GlobalSection(ProjectConfigurationPlatforms) = postSolution
		{99434233-1019-4100-B298-A1632183EDF8}.Debug|x64.ActiveCfg = Debug|x64
		{99434233-1019-4100-B298-A1632183EDF8}.Debug|x64.Build.0 = Debug|x64
		{99434233-1019-4100-B298-A1632183EDF8}.Debug|x86.ActiveCfg = Debug|Win32
		{99434233-1019-4100-B298-A1632183EDF8}.Debug|x86.Build.0 = Debug|Win32
		{99434233-1019-4100-B298-A1632183EDF8}.Release|x64.ActiveCfg = Release|x64
		{99434233-1019-4100-B298-A1632183EDF8}.Release|x64.Build.0 = Release|x64
		{99434233-1019-4100-B298-A1632183EDF8}.Release|x86.ActiveCfg = Release|Win32
		{99434233-1019-4100-B298-A1632183EDF8}.Release|x86.Build.0 = Release|Win32
		{572F4A4B-F063-40E9-A4FE-8176C273C1EF}.Debug|x64.ActiveCfg = Debug|x64
		{572F4A4B-F063-40E9-A4FE-8176C273C1EF}.Debug|x64.Build.0 = Debug|x64
		{572F4A4B-F063-40E9-A4FE-8176C273C1EF}.Debug|x86.ActiveCfg = Debug|Win32
		{572F4A4B-F063-40E9-A4FE-8176C273C1EF}.Debug|x86.Build.0 = Debug|Win32
		{572F4A4B-F063-40E9-A4FE-8176C273C1EF}.Release|x64.ActiveCfg = Release|x64
		{572F4A4B-F063-40E9-A4FE-8176C273C1EF}.Release|x64.Build.0 = Release|x64
		{572F4A4B-F063-40E9-A4FE-8176C273C1EF}.Release|x86.ActiveCfg = Release|Win32
		{572F4A4B-F063-40E9-A4FE-8176C273C1EF}.Release|x86.Build.0 = Release|Win32
		{6D50E405-7266-4D56-8176-72AE6D7E0AAF}.Debug|x64.ActiveCfg = Debug|x64
		{6D50E405-7266-4D56-8176-72AE6D7E0AAF}.Debug|x64.Build.0 = Debug|x64
		{6D50E405-7266-4D56-8176-72AE6D7E0AAF}.Debug|x86.ActiveCfg = Debug|Win32
		{6D50E405-7266-4D56-8176-72AE6D7E0AAF}.Debug|x86.Build.0 = Debug|Win32
		{6D50E405-7266-4D56-8176-72AE6D7E0AAF}.Release|x64.ActiveCfg = Release|x64
		{6D50E405-7266-4D56-8176-72AE6D7E0AAF}.Release|x64.Build.0 = Release|x64
		{6D50E405-7266-4D56-8176-72AE6D7E0AAF}.Release|x86.ActiveCfg = Release|Win32
		{6D50E405-7266-4D56-8176-72AE6D7E0AAF}.Release|x86.Build.0 = Release|Win32
		{BE6B319C-CDE5-4A70-8A14-508959B6CA24}.Debug|x64.ActiveCfg = Debug|x64
		{BE6B319C-CDE5-4A70-8A14-508959B6CA24}.Debug|x64.Build.0 = Debug|x64
		{BE6B319C-CDE5-4A70-8A14-508959B6CA24}.Debug|x86.ActiveCfg = Debug|Win32
		{BE6B319C-CDE5-4A70-8A14-508959B6CA24}.Debug|x86.Build.0 = Debug|Win32
		{BE6B319C-CDE5-4A70-8A14-508959B6CA24}.Release|x64.ActiveCfg = Release|x64
		{BE6B319C-CDE5-4A70-8A14-508959B6CA24}.Release|x64.Build.0 = Release|x64
		{BE6B319C-CDE5-4A70-8A14-508959B6CA24}.Release|x86.ActiveCfg = Release|Win32
		{BE6B319C-CDE5-4A70-8A14-508959B6CA24}.Release|x86.Build.0 = Release|Win32
		{5C6937FE-9215-4F6B-9417-06302061C506}.Debug|x64.ActiveCfg = Debug|x64
		{5C6937FE-9215-4F6B-9417-06302061C506}.Debug|x64.Build.0 = Debug|x64
		{5C6937FE-9215-4F6B-9417-06302061C506}.Debug|x86.ActiveCfg = Debug|Win32
		{5C6937FE-9215-4F6B-9417-06302061C506}.Debug|x86.Build.0 = Debug|Win32
		{5C6937FE-9215-4F6B-9417-06302061C506}.Release|x64.ActiveCfg = Release|x64
		{5C6937FE-9215-4F6B-9417-06302061C506}.Release|x64.Build.0 = Release|x64
		{5C6937FE-9215-4F6B-9417-06302061C506}.Release|x86.ActiveCfg = Release|Win32
		{5C6937FE-9215-4F6B-9417-06302061C506}.Release|x86.Build.0 = Release|Win32
		{AA9BC7FD-0889-4D3E-9A81-E6B87C3B6C44}.Debug|x64.ActiveCfg = Debug|x64
		{AA9BC7FD-0889-4D3E-9A81-E6B87C3B6C44}.Debug|x64.Build.0 = Debug|x64
		{AA9BC7FD-0889-4D3E-9A81-E6B87C3B6C44}.Debug|x86.ActiveCfg = Debug|Win32
		{AA9BC7FD-0889-4D3E-9A81-E6B87C3B6C44}.Debug|x86.Build.0 = Debug|Win32
		{AA9BC7FD-0889-4D3E-9A81-E6B87C3B6C44}.Release|x64.ActiveCfg = Release|x64
		{AA9BC7FD-0889-4D3E-9A81-E6B87C3B6C44}.Release|x64.Build.0 = Release|x64
		{AA9BC7FD-0889-4D3E-9A81-E6B87C3B6C44}.Release|x86.ActiveCfg = Release|Win32
		{AA9BC7FD-0889-4D3E-9A81-E6B87C3B6C44}.Release|x86.Build.0 = Release|Win32
		{4EC136A6-49FB-411A-B1DA-D2C499856CFF}.Debug|x64.ActiveCfg = Debug|x64
		{4EC136A6-49FB-411A-B1DA-D2C499856CFF}.Debug|x64.Build.0 = Debug|x64
		{4EC136A6-49FB-411A-B1DA-D2C499856CFF}.Debug|x86.ActiveCfg = Debug|Win32
		{4EC136A6-49FB-411A-B1DA-D2C499856CFF}.Debug|x86.Build.0 = Debug|Win32
		{4EC136A6-49FB-411A-B1DA-D2C499856CFF}.Release|x64.ActiveCfg = Release|x64
		{4EC136A6-49FB-411A-B1DA-D2C499856CFF}.Release|x64.Build.0 = Release|x64
		{4EC136A6-49FB-411A-B1DA-D2C499856CFF}.Release|x86.ActiveCfg = Release|Win32
		{4EC136A6-49FB-411A-B1DA-D2C499856CFF}.Release|x86.Build.0 = Release|Win32
		{86E862F1-CA54-48A4-B75B-A3E8C5C1DC0E}.Debug|x64.ActiveCfg = Debug|x64
		{86E862F1-CA54-48A4-B75B-A3E8C5C1DC0E}.Debug|x64.Build.0 = Debug|x64
		{86E862F1-CA54-48A4-B75B-A3E8C5C1DC0E}.Debug|x86.ActiveCfg = Debug|Win32
		{86E862F1-CA54-48A4-B75B-A3E8C5C1DC0E}.Debug|x86.Build.0 = Debug|Win32
		{86E862F1-CA54-48A4-B75B-A3E8C5C1DC0E}.Release|x64.ActiveCfg = Release|x64
		{86E862F1-CA54-48A4-B75B-A3E8C5C1DC0E}.Release|x64.Build.0 = Release|x64
		{86E862F1-CA54-48A4-B75B-A3E8C5C1DC0E}.Release|x86.ActiveCfg = Release|Win32
		{86E862F1-CA54-48A4-B75B-A3E8C5C1DC0E}.Release|x86.Build.0 = Release|Win32
		{FFB6181C-6A3A-43E5-95BE-FC60B3E207B1}.Debug|x64.ActiveCfg = Debug|x64
		{FFB6181C-6A3A-43E5-95BE-FC60B3E207B1}.Debug|x64.Build.0 = Debug|x64
		{FFB6181C-6A3A-43E5-95BE-FC60B3E207B1}.Debug|x86.ActiveCfg = Debug|Win32
		{FFB6181C-6A3A-43E5-95BE-FC60B3E207B1}.Debug|x86.Build.0 = Debug|Win32
		{FFB6181C-6A3A-43E5-95BE-FC60B3E207B1}.Release|x64.ActiveCfg = Release|x64
		{FFB6181C-6A3A-43E5-95BE-FC60B3E207B1}.Release|x64.Build.0 = Release|x64
		{FFB6181C-6A3A-43E5-95BE-FC60B3E207B1}.Release|x86.ActiveCfg = Release|Win32
		{FFB6181C-6A3A-43E5-95BE-FC60B3E207B1}.Release|x86.Build.0 = Release|Win32
		{8CC48926-9B99-4649-B212-96F9BB192CAF}.Debug|x64.ActiveCfg = Debug|x64
		{8CC48926-9B99-4649-B212-96F9BB192CAF}.Debug|x64.Build.0 = Debug|x64
		{8CC48926-9B99-4649-B212-96F9BB192CAF}.Debug|x86.ActiveCfg = Debug|Win32
		{8CC48926-9B99-4649-B212-96F9BB192CAF}.Debug|x86.Build.0 = Debug|Win32
		{8CC48926-9B99-4649-B212-96F9BB192CAF}.Release|x64.ActiveCfg = Release|x64
		{8CC48926-9B99-4649-B212-96F9BB192CAF}.Release|x64.Build.0 = Release|x64
		{8CC48926-9B99-4649-B212-96F9BB192CAF}.Release|x86.ActiveCfg = Release|Win32
		{8CC48926-9B99-4649-B212-96F9BB192CAF}.Release|x86.Build.0 = Release|Win32
		{4C4B4D8B-FB34-4873-9890-AB325CE3F9D2}.Debug|x64.ActiveCfg = Debug|x64
		{4C4B4D8B-FB34-4873-9890-AB325CE3F9D2}.Debug|x64.Build.0 = Debug|x64
		{4C4B4D8B-FB34-4873-9890-AB325CE3F9D2}.Debug|x86.ActiveCfg = Debug|Win32
		{4C4B4D8B-FB34-4873-9890-AB325CE3F9D2}.Debug|x86.Build.0 = Debug|Win32
		{4C4B4D8B-FB34-4873-9890-AB325CE3F9D2}.Release|x64.ActiveCfg = Release|x64
		{4C4B4D8B-FB34-4873-9890-AB325CE3F9D2}.Release|x64.Build.0 = Release|x64
		{4C4B4D8B-FB34-4873-9890-AB325CE3F9D2}.Release|x86.ActiveCfg = Release|Win32
		{4C4B4D8B-FB34-4873-9890-AB325CE3F9D2}.Release|x86.Build.0 = Release|Win32
		{8EC4F24D-0FF4-4FCE-ABBA-76EB648DB66B}.Debug|x64.ActiveCfg = Debug|x64
		{8EC4F24D-0FF4-4FCE-ABBA-76EB648DB66B}.Debug|x64.Build.0 = Debug|x64
		{8EC4F24D-0FF4-4FCE-ABBA-76EB648DB66B}.Debug|x86.ActiveCfg = Debug|Win32
		{8EC4F24D-0FF4-4FCE-ABBA-76EB648DB66B}.Debug|x86.Build.0 = Debug|Win32
		{8EC4F24D-0FF4-4FCE-ABBA-76EB648DB66B}.Release|x64.ActiveCfg = Release|x64
		{8EC4F24D-0FF4-4FCE-ABBA-76EB648DB66B}.Release|x64.Build.0 = Release|x64
		{8EC4F24D-0FF4-4FCE-ABBA-76EB648DB66B}.Release|x86.ActiveCfg = Release|Win32
		{8EC4F24D-0FF4-4FCE-ABBA-76EB648DB66B}.Release|x86.Build.0 = Release|Win32
		{98E7753B-C469-4CC5-A8CD-FC64E84C00D2}.Debug|x64.ActiveCfg = Debug|x64
		{98E7753B-C469-4CC5-A8CD-FC64E84C00D2}.Debug|x64.Build.0 = Debug|x64
		{98E7753B-C469-4CC5-A8CD-FC64E84C00D2}.Debug|x86.ActiveCfg = Debug|Win32
		{98E7753B-C469-4CC5-A8CD-FC64E84C00D2}.Debug|x86.Build.0 = Debug|Win32
		{98E7753B-C469-4CC5-A8CD-FC64E84C00D2}.Release|x64.ActiveCfg = Release|x64
		{98E7753B-C469-4CC5-A8CD-FC64E84C00D2}.Release|x64.Build.0 = Release|x64
		{98E7753B-C469-4CC5-A8CD-FC64E84C00D2}.Release|x86.ActiveCfg = Release|Win32
		{98E7753B-C469-4CC5-A8CD-FC64E84C00D2}.Release|x86.Build.0 = Release|Win32
		{53DAD864-724A-479B-B841-5DF4F462B604}.Debug|x64.ActiveCfg = Debug|x64
		{53DAD864-724A-479B-B841-5DF4F462B604}.Debug|x64.Build.0 = Debug|x64
		{53DAD864-724A-479B-B841-5DF4F462B604}.Debug|x86.ActiveCfg = Debug|Win32
		{53DAD864-724A-479B-B841-5DF4F462B604}.Debug|x86.Build.0 = Debug|Win32
		{53DAD864-724A-479B-B841-5DF4F462B604}.Release|x64.ActiveCfg = Release|x64
		{53DAD864-724A-479B-B841-5DF4F462B604}.Release|x64.Build.0 = Release|x64
		{53DAD864-724A-479B-B841-5DF4F462B604}.Release|x86.ActiveCfg = Release|Win32
		{53DAD864-724A-479B-B841-5DF4F462B604}.Release|x86.Build.0 = Release|Win32
		{7F7DD0C4-5D72-46C9-B421-66C4B87180BE}.Debug|x64.ActiveCfg = Debug|x64
		{7F7DD0C4-5D72-46C9-B421-66C4B87180BE}.Debug|x64.Build.0 = Debug|x64
		{7F7DD0C4-5D72-46C9-B421-66C4B87180BE}.Debug|x86.ActiveCfg = Debug|Win32
		{7F7DD0C4-5D72-46C9-B421-66C4B87180BE}.Debug|x86.Build.0 = Debug|Win32
		{7F7DD0C4-5D72-46C9-B421-66C4B87180BE}.Release|x64.ActiveCfg = Release|x64
		{7F7DD0C4-5D72-46C9-B421-66C4B87180BE}.Release|x64.Build.0 = Release|x64
		{7F7DD0C4-5D72-46C9-B421-66C4B87180BE}.Release|x86.ActiveCfg = Release|Win32
		{7F7DD0C4-5D72-46C9-B421-66C4B87180BE}.Release|x86.Build.0 = Release|Win32
		{317962C8-407E-4FE6-84B9-5722AD2389C9}.Debug|x64.ActiveCfg = Debug|x64
		{317962C8-407E-4FE6-84B9-5722AD2389C9}.Debug|x64.Build.0 = Debug|x64
		{317962C8-407E-4FE6-84B9-5722AD2389C9}.Debug|x86.ActiveCfg = Debug|Win32
		{317962C8-407E-4FE6-84B9-5722AD2389C9}.Debug|x86.Build.0 = Debug|Win32
		{317962C8-407E-4FE6-84B9-5722AD2389C9}.Release|x64.ActiveCfg = Release|x64
		{317962C8-407E-4FE6-84B9-5722AD2389C9}.Release|x64.Build.0 = Release|x64
		{317962C8-407E-4FE6-84B9-5722AD2389C9}.Release|x86.ActiveCfg = Release|Win32
		{317962C8-407E-4FE6-84B9-5722AD2389C9}.Release|x86.Build.0 = Release|Win32
		{2615473E-7DAE-4449-9CA9-192E97C9B10C}.Debug|x64.ActiveCfg = Debug|x64
		{2615473E-7DAE-4449-9CA9-192E97C9B10C}.Debug|x64.Build.0 = Debug|x64
		{2615473E-7DAE-4449-9CA9-192E97C9B10C}.Debug|x86.ActiveCfg = Debug|Win32
		{2615473E-7DAE-4449-9CA9-192E97C9B10C}.Debug|x86.Build.0 = Debug|Win32
		{2615473E-7DAE-4449-9CA9-192E97C9B10C}.Release|x64.ActiveCfg = Release|x64
		{2615473E-7DAE-4449-9CA9-192E97C9B10C}.Release|x64.Build.0 = Release|x64
		{2615473E-7DAE-4449-9CA9-192E97C9B10C}.Release|x86.ActiveCfg = Release|Win32
		{2615473E-7DAE-4449-9CA9-192E97C9B10C}.Release|x86.Build.0 = Release|Win32
		{871BDAFD-CBBE-493E-993A-7557954EE472}.Debug|x64.ActiveCfg = Debug|x64
		{871BDAFD-CBBE-493E-993A-7557954EE472}.Debug|x64.Build.0 = Debug|x64
		{871BDAFD-CBBE-493E-993A-7557954EE472}.Debug|x86.ActiveCfg = Debug|Win32
		{871BDAFD-CBBE-493E-993A-7557954EE472}.Debug|x86.Build.0 = Debug|Win32
		{871BDAFD-CBBE-493E-993A-7557954EE472}.Release|x64.ActiveCfg = Release|x64
		{871BDAFD-CBBE-493E-993A-7557954EE472}.Release|x64.Build.0 = Release|x64
		{871BDAFD-CBBE-493E-993A-7557954EE472}.Release|x86.ActiveCfg = Release|Win32
		{871BDAFD-CBBE-493E-993A-7557954EE472}.Release|x86.Build.0 = Release|Win32
		{4E109501-7C4C-43C6-841E-B0F4214472AD}.Debug|x64.ActiveCfg = Debug|x64
		{4E109501-7C4C-43C6-841E-B0F4214472AD}.Debug|x64.Build.0 = Debug|x64
		{4E109501-7C4C-43C6-841E-B0F4214472AD}.Debug|x86.ActiveCfg = Debug|Win32
		{4E109501-7C4C-43C6-841E-B0F4214472AD}.Debug|x86.Build.0 = Debug|Win32
		{4E109501-7C4C-43C6-841E-B0F4214472AD}.Release|x64.ActiveCfg = Release|x64
		{4E109501-7C4C-43C6-841E-B0F4214472AD}.Release|x64.Build.0 = Release|x64
		{4E109501-7C4C-43C6-841E-B0F4214472AD}.Release|x86.ActiveCfg = Release|Win32
		{4E109501-7C4C-43C6-841E-B0F4214472AD}.Release|x86.Build.0 = Release|Win32
		{48B1B760-4817-4DCF-A7A5-8B0F56872C78}.Debug|x64.ActiveCfg = Debug|x64
		{48B1B760-4817-4DCF-A7A5-8B0F56872C78}.Debug|x64.Build.0 = Debug|x64
		{48B1B760-4817-4DCF-A7A5-8B0F56872C78}.Debug|x86.ActiveCfg = Debug|Win32
		{48B1B760-4817-4DCF-A7A5-8B0F56872C78}.Debug|x86.Build.0 = Debug|Win32
		{48B1B760-4817-4DCF-A7A5-8B0F56872C78}.Release|x64.ActiveCfg = Release|x64
		{48B1B760-4817-4DCF-A7A5-8B0F56872C78}.Release|x64.Build.0 = Release|x64
		{48B1B760-4817-4DCF-A7A5-8B0F56872C78}.Release|x86.ActiveCfg = Release|Win32
		{48B1B760-4817-4DCF-A7A5-8B0F56872C78}.Release|x86.Build.0 = Release|Win32
		{27EC91AB-F06F-4120-B432-E59E63150A4D}.Debug|x64.ActiveCfg = Debug|x64
		{27EC91AB-F06F-4120-B432-E59E63150A4D}.Debug|x64.Build.0 = Debug|x64
		{27EC91AB-F06F-4120-B432-E59E63150A4D}.Debug|x86.ActiveCfg = Debug|Win32
		{27EC91AB-F06F-4120-B432-E59E63150A4D}.Debug|x86.Build.0 = Debug|Win32
		{27EC91AB-F06F-4120-B432-E59E63150A4D}.Release|x64.ActiveCfg = Release|x64
		{27EC91AB-F06F-4120-B432-E59E63150A4D}.Release|x64.Build.0 = Release|x64
		{27EC91AB-F06F-4120-B432-E59E63150A4D}.Release|x86.ActiveCfg = Release|Win32
		{27EC91AB-F06F-4120-B432-E59E63150A4D}.Release|x86.Build.0 = Release|Win32
		{4EB55CF3-46CA-4D9A-AB29-C6E50E1B984E}.Debug|x64.ActiveCfg = Debug|x64
		{4EB55CF3-46CA-4D9A-AB29-C6E50E1B984E}.Debug|x64.Build.0 = Debug|x64
		{4EB55CF3-46CA-4D9A-AB29-C6E50E1B984E}.Debug|x86.ActiveCfg = Debug|Win32
		{4EB55CF3-46CA-4D9A-AB29-C6E50E1B984E}.Debug|x86.Build.0 = Debug|Win32
		{4EB55CF3-46CA-4D9A-AB29-C6E50E1B984E}.Release|x64.ActiveCfg = Release|x64
		{4EB55CF3-46CA-4D9A-AB29-C6E50E1B984E}.Release|x64.Build.0 = Release|x64
		{4EB55CF3-46CA-4D9A-AB29-C6E50E1B984E}.Release|x86.ActiveCfg = Release|Win32
		{4EB55CF3-46CA-4D9A-AB29-C6E50E1B984E}.Release|x86.Build.0 = Release|Win32
		{76F81961-1EC9-4875-99E8-FBC6CD88755E}.Debug|x64.ActiveCfg = Debug|x64
		{76F81961-1EC9-4875-99E8-FBC6CD88755E}.Debug|x64.Build.0 = Debug|x64
		{76F81961-1EC9-4875-99E8-FBC6CD88755E}.Debug|x86.ActiveCfg = Debug|Win32
		{76F81961-1EC9-4875-99E8-FBC6CD88755E}.Debug|x86.Build.0 = Debug|Win32
		{76F81961-1EC9-4875-99E8-FBC6CD88755E}.Release|x64.ActiveCfg = Release|x64
		{76F81961-1EC9-4875-99E8-FBC6CD88755E}.Release|x64.Build.0 = Release|x64
		{76F81961-1EC9-4875-99E8-FBC6CD88755E}.Release|x86.ActiveCfg = Release|Win32
		{76F81961-1EC9-4875-99E8-FBC6CD88755E}.Release|x86.Build.0 = Release|Win32
		{A0005904-1E79-4D8C-9C8F-7020E6613BD1}.Debug|x64.ActiveCfg = Debug|x64
		{A0005904-1E79-4D8C-9C8F-7020E6613BD1}.Debug|x64.Build.0 = Debug|x64
		{A0005904-1E79-4D8C-9C8F-7020E6613BD1}.Debug|x86.ActiveCfg = Debug|Win32
		{A0005904-1E79-4D8C-9C8F-7020E6613BD1}.Debug|x86.Build.0 = Debug|Win32
		{A0005904-1E79-4D8C-9C8F-7020E6613BD1}.Release|x64.ActiveCfg = Release|x64
		{A0005904-1E79-4D8C-9C8F-7020E6613BD1}.Release|x64.Build.0 = Release|x64
		{A0005904-1E79-4D8C-9C8F-7020E6613BD1}.Release|x86.ActiveCfg = Release|Win32
		{A0005904-1E79-4D8C-9C8F-7020E6613BD1}.Release|x86.Build.0 = Release|Win32
		{F9563650-C7F7-4748-BE3E-0B0B0169D131}.Debug|x64.ActiveCfg = Debug|x64
		{F9563650-C7F7-4748-BE3E-0B0B0169D131}.Debug|x64.Build.0 = Debug|x64
		{F9563650-C7F7-4748-BE3E-0B0B0169D131}.Debug|x86.ActiveCfg = Debug|Win32
		{F9563650-C7F7-4748-BE3E-0B0B0169D131}.Debug|x86.Build.0 = Debug|Win32
		{F9563650-C7F7-4748-BE3E-0B0B0169D131}.Release|x64.ActiveCfg = Release|x64
		{F9563650-C7F7-4748-BE3E-0B0B0169D131}.Release|x64.Build.0 = Release|x64
		{F9563650-C7F7-4748-BE3E-0B0B0169D131}.Release|x86.ActiveCfg = Release|Win32
		{F9563650-C7F7-4748-BE3E-0B0B0169D131}.Release|x86.Build.0 = Release|Win32
		{B93C623A-D9FE-4924-B6E4-314181F55416}.Debug|x64.ActiveCfg = Debug|x64
		{B93C623A-D9FE-4924-B6E4-314181F55416}.Debug|x64.Build.0 = Debug|x64
		{B93C623A-D9FE-4924-B6E4-314181F55416}.Debug|x86.ActiveCfg = Debug|Win32
		{B93C623A-D9FE-4924-B6E4-314181F55416}.Debug|x86.Build.0 = Debug|Win32
		{B93C623A-D9FE-4924-B6E4-314181F55416}.Release|x64.ActiveCfg = Release|x64
		{B93C623A-D9FE-4924-B6E4-314181F55416}.Release|x64.Build.0 = Release|x64
		{B93C623A-D9FE-4924-B6E4-314181F55416}.Release|x86.ActiveCfg = Release|Win32
		{B93C623A-D9FE-4924-B6E4-314181F55416}.Release|x86.Build.0 = Release|Win32
		{736AC5B2-1240-4A95-8A27-02A5E8AF4059}.Debug|x64.ActiveCfg = Debug|x64
		{736AC5B2-1240-4A95-8A27-02A5E8AF4059}.Debug|x64.Build.0 = Debug|x64
		{736AC5B2-1240-4A95-8A27-02A5E8AF4059}.Debug|x86.ActiveCfg = Debug|Win32
		{736AC5B2-1240-4A95-8A27-02A5E8AF4059}.Debug|x86.Build.0 = Debug|Win32
		{736AC5B2-1240-4A95-8A27-02A5E8AF4059}.Release|x64.ActiveCfg = Release|x64
		{736AC5B2-1240-4A95-8A27-02A5E8AF4059}.Release|x64.Build.0 = Release|x64
		{736AC5B2-1240-4A95-8A27-02A5E8AF4059}.Release|x86.ActiveCfg = Release|Win32
		{736AC5B2-1240-4A95-8A27-02A5E8AF4059}.Release|x86.Build.0 = Release|Win32
		{929F9759-1569-4047-9F91-948B47F2703A}.Debug|x64.ActiveCfg = Debug|x64
		{929F9759-1569-4047-9F91-948B47F2703A}.Debug|x64.Build.0 = Debug|x64
		{929F9759-1569-4047-9F91-948B47F2703A}.Debug|x86.ActiveCfg = Debug|Win32
		{929F9759-1569-4047-9F91-948B47F2703A}.Debug|x86.Build.0 = Debug|Win32
		{929F9759-1569-4047-9F91-948B47F2703A}.Release|x64.ActiveCfg = Release|x64
		{929F9759-1569-4047-9F91-948B47F2703A}.Release|x64.Build.0 = Release|x64
		{929F9759-1569-4047-9F91-948B47F2703A}.Release|x86.ActiveCfg = Release|Win32
		{929F9759-1569-4047-9F91-948B47F2703A}.Release|x86.Build.0 = Release|Win32
		{C1E74505-9DB4-41EC-B6E8-6F9EA7CEAFF2}.Debug|x64.ActiveCfg = Debug|x64
		{C1E74505-9DB4-41EC-B6E8-6F9EA7CEAFF2}.Debug|x64.Build.0 = Debug|x64
		{C1E74505-9DB4-41EC-B6E8-6F9EA7CEAFF2}.Debug|x86.ActiveCfg = Debug|Win32
		{C1E74505-9DB4-41EC-B6E8-6F9EA7CEAFF2}.Debug|x86.Build.0 = Debug|Win32
		{C1E74505-9DB4-41EC-B6E8-6F9EA7CEAFF2}.Release|x64.ActiveCfg = Release|x64
		{C1E74505-9DB4-41EC-B6E8-6F9EA7CEAFF2}.Release|x64.Build.0 = Release|x64
		{C1E74505-9DB4-41EC-B6E8-6F9EA7CEAFF2}.Release|x86.ActiveCfg = Release|Win32
		{C1E74505-9DB4-41EC-B6E8-6F9EA7CEAFF2}.Release|x86.Build.0 = Release|Win32
		{CCF10F27-7F73-46E4-814B-F8BEF574FC1F}.Debug|x64.ActiveCfg = Debug|x64
		{CCF10F27-7F73-46E4-814B-F8BEF574FC1F}.Debug|x64.Build.0 = Debug|x64
		{CCF10F27-7F73-46E4-814B-F8BEF574FC1F}.Debug|x86.ActiveCfg = Debug|Win32
		{CCF10F27-7F73-46E4-814B-F8BEF574FC1F}.Debug|x86.Build.0 = Debug|Win32
		{CCF10F27-7F73-46E4-814B-F8BEF574FC1F}.Release|x64.ActiveCfg = Release|x64
		{CCF10F27-7F73-46E4-814B-F8BEF574FC1F}.Release|x64.Build.0 = Release|x64
		{CCF10F27-7F73-46E4-814B-F8BEF574FC1F}.Release|x86.ActiveCfg = Release|Win32
		{CCF10F27-7F73-46E4-814B-F8BEF574FC1F}.Release|x86.Build.0 = Release|Win32
		{9AE00587-C8F1-405E-AA81-B7E80B40FBD2}.Debug|x64.ActiveCfg = Debug|x64
		{9AE00587-C8F1-405E-AA81-B7E80B40FBD2}.Debug|x64.Build.0 = Debug|x64
		{9AE00587-C8F1-405E-AA81-B7E80B40FBD2}.Debug|x86.ActiveCfg = Debug|Win32
		{9AE00587-C8F1-405E-AA81-B7E80B40FBD2}.Debug|x86.Build.0 = Debug|Win32
		{9AE00587-C8F1-405E-AA81-B7E80B40FBD2}.Release|x64.ActiveCfg = Release|x64
		{9AE00587-C8F1-405E-AA81-B7E80B40FBD2}.Release|x64.Build.0 = Release|x64
		{9AE00587-C8F1-405E-AA81-B7E80B40FBD2}.Release|x86.ActiveCfg = Release|Win32
		{9AE00587-C8F1-405E-AA81-B7E80B40FBD2}.Release|x86.Build.0 = Release|Win32
		{0FEC48C1-131E-40F3-9F35-0D880F41B5BA}.Debug|x64.ActiveCfg = Debug|x64
		{0FEC48C1-131E-40F3-9F35-0D880F41B5BA}.Debug|x64.Build.0 = Debug|x64
		{0FEC48C1-131E-40F3-9F35-0D880F41B5BA}.Debug|x86.ActiveCfg = Debug|Win32
		{0FEC48C1-131E-40F3-9F35-0D880F41B5BA}.Debug|x86.Build.0 = Debug|Win32
		{0FEC48C1-131E-40F3-9F35-0D880F41B5BA}.Release|x64.ActiveCfg = Release|x64
		{0FEC48C1-131E-40F3-9F35-0D880F41B5BA}.Release|x64.Build.0 = Release|x64
		{0FEC48C1-131E-40F3-9F35-0D880F41B5BA}.Release|x86.ActiveCfg = Release|Win32
		{0FEC48C1-131E-40F3-9F35-0D880F41B5BA}.Release|x86.Build.0 = Release|Win32
		{297F549A-2F1F-4E73-A6D1-FB0F49C42828}.Debug|x64.ActiveCfg = Debug|x64
		{297F549A-2F1F-4E73-A6D1-FB0F49C42828}.Debug|x64.Build.0 = Debug|x64
		{297F549A-2F1F-4E73-A6D1-FB0F49C42828}.Debug|x86.ActiveCfg = Debug|Win32
		{297F549A-2F1F-4E73-A6D1-FB0F49C42828}.Debug|x86.Build.0 = Debug|Win32
		{297F549A-2F1F-4E73-A6D1-FB0F49C42828}.Release|x64.ActiveCfg = Release|x64
		{297F549A-2F1F-4E73-A6D1-FB0F49C42828}.Release|x64.Build.0 = Release|x64
		{297F549A-2F1F-4E73-A6D1-FB0F49C42828}.Release|x86.ActiveCfg = Release|Win32
		{297F549A-2F1F-4E73-A6D1-FB0F49C42828}.Release|x86.Build.0 = Release|Win32
		{0B6C6FAE-95BD-4360-8C03-118EF2585937}.Debug|x64.ActiveCfg = Debug|x64
		{0B6C6FAE-95BD-4360-8C03-118EF2585937}.Debug|x64.Build.0 = Debug|x64
		{0B6C6FAE-95BD-4360-8C03-118EF2585937}.Debug|x86.ActiveCfg = Debug|Win32
		{0B6C6FAE-95BD-4360-8C03-118EF2585937}.Debug|x86.Build.0 = Debug|Win32
		{0B6C6FAE-95BD-4360-8C03-118EF2585937}.Release|x64.ActiveCfg = Release|x64
		{0B6C6FAE-95BD-4360-8C03-118EF2585937}.Release|x64.Build.0 = Release|x64
		{0B6C6FAE-95BD-4360-8C03-118EF2585937}.Release|x86.ActiveCfg = Release|Win32
		{0B6C6FAE-95BD-4360-8C03-118EF2585937}.Release|x86.Build.0 = Release|Win32
		{E6E68043-6C25-4C6F-A3E4-5D9482F6F239}.Debug|x64.ActiveCfg = Debug|x64
		{E6E68043-6C25-4C6F-A3E4-5D9482F6F239}.Debug|x64.Build.0 = Debug|x64
		{E6E68043-6C25-4C6F-A3E4-5D9482F6F239}.Debug|x86.ActiveCfg = Debug|Win32
		{E6E68043-6C25-4C6F-A3E4-5D9482F6F239}.Debug|x86.Build.0 = Debug|Win32
		{E6E68043-6C25-4C6F-A3E4-5D9482F6F239}.Release|x64.ActiveCfg = Release|x64
		{E6E68043-6C25-4C6F-A3E4-5D9482F6F239}.Release|x64.Build.0 = Release|x64
		{E6E68043-6C25-4C6F-A3E4-5D9482F6F239}.Release|x86.ActiveCfg = Release|Win32
		{E6E68043-6C25-4C6F-A3E4-5D9482F6F239}.Release|x86.Build.0 = Release|Win32
		{3863D45B-0EC0-4C81-B7D3-C763396FD6C8}.Debug|x64.ActiveCfg = Debug|x64
		{3863D45B-0EC0-4C81-B7D3-C763396FD6C8}.Debug|x64.Build.0 = Debug|x64
		{3863D45B-0EC0-4C81-B7D3-C763396FD6C8}.Debug|x86.ActiveCfg = Debug|Win32
		{3863D45B-0EC0-4C81-B7D3-C763396FD6C8}.Debug|x86.Build.0 = Debug|Win32
		{3863D45B-0EC0-4C81-B7D3-C763396FD6C8}.Release|x64.ActiveCfg = Release|x64
		{3863D45B-0EC0-4C81-B7D3-C763396FD6C8}.Release|x64.Build.0 = Release|x64
		{3863D45B-0EC0-4C81-B7D3-C763396FD6C8}.Release|x86.ActiveCfg = Release|Win32
		{3863D45B-0EC0-4C81-B7D3-C763396FD6C8}.Release|x86.Build.0 = Release|Win32
		{ECD829F4-6F1B-40B9-A6F9-59BB3BC3D556}.Debug|x64.ActiveCfg = Debug|x64
		{ECD829F4-6F1B-40B9-A6F9-59BB3BC3D556}.Debug|x64.Build.0 = Debug|x64
		{ECD829F4-6F1B-40B9-A6F9-59BB3BC3D556}.Debug|x86.ActiveCfg = Debug|Win32
		{ECD829F4-6F1B-40B9-A6F9-59BB3BC3D556}.Debug|x86.Build.0 = Debug|Win32
		{ECD829F4-6F1B-40B9-A6F9-59BB3BC3D556}.Release|x64.ActiveCfg = Release|x64
		{ECD829F4-6F1B-40B9-A6F9-59BB3BC3D556}.Release|x64.Build.0 = Release|x64
		{ECD829F4-6F1B-40B9-A6F9-59BB3BC3D556}.Release|x86.ActiveCfg = Release|Win32
		{ECD829F4-6F1B-40B9-A6F9-59BB3BC3D556}.Release|x86.Build.0 = Release|Win32
		{CDB0BCFE-12EE-435E-AE58-9A6F09F43DFC}.Debug|x64.ActiveCfg = Debug|x64
		{CDB0BCFE-12EE-435E-AE58-9A6F09F43DFC}.Debug|x64.Build.0 = Debug|x64
		{CDB0BCFE-12EE-435E-AE58-9A6F09F43DFC}.Debug|x86.ActiveCfg = Debug|Win32
		{CDB0BCFE-12EE-435E-AE58-9A6F09F43DFC}.Debug|x86.Build.0 = Debug|Win32
		{CDB0BCFE-12EE-435E-AE58-9A6F09F43DFC}.Release|x64.ActiveCfg = Release|x64
		{CDB0BCFE-12EE-435E-AE58-9A6F09F43DFC}.Release|x64.Build.0 = Release|x64
		{CDB0BCFE-12EE-435E-AE58-9A6F09F43DFC}.Release|x86.ActiveCfg = Release|Win32
		{CDB0BCFE-12EE-435E-AE58-9A6F09F43DFC}.Release|x86.Build.0 = Release|Win32
		{F1CAAD71-244C-4980-801A-9C2CF21031A2}.Debug|x64.ActiveCfg = Debug|x64
		{F1CAAD71-244C-4980-801A-9C2CF21031A2}.Debug|x64.Build.0 = Debug|x64
		{F1CAAD71-244C-4980-801A-9C2CF21031A2}.Debug|x86.ActiveCfg = Debug|Win32
		{F1CAAD71-244C-4980-801A-9C2CF21031A2}.Debug|x86.Build.0 = Debug|Win32
		{F1CAAD71-244C-4980-801A-9C2CF21031A2}.Release|x64.ActiveCfg = Release|x64
		{F1CAAD71-244C-4980-801A-9C2CF21031A2}.Release|x64.Build.0 = Release|x64
		{F1CAAD71-244C-4980-801A-9C2CF21031A2}.Release|x86.ActiveCfg = Release|Win32
		{F1CAAD71-244C-4980-801A-9C2CF21031A2}.Release|x86.Build.0 = Release|Win32
		{4F62B093-2B32-4BAD-89DE-6D470ED90ED0}.Debug|x64.ActiveCfg = Debug|x64
		{4F62B093-2B32-4BAD-89DE-6D470ED90ED0}.Debug|x64.Build.0 = Debug|x64
		{4F62B093-2B32-4BAD-89DE-6D470ED90ED0}.Debug|x86.ActiveCfg = Debug|Win32
		{4F62B093-2B32-4BAD-89DE-6D470ED90ED0}.Debug|x86.Build.0 = Debug|Win32
		{4F62B093-2B32-4BAD-89DE-6D470ED90ED0}.Release|x64.ActiveCfg = Release|x64
		{4F62B093-2B32-4BAD-89DE-6D470ED90ED0}.Release|x64.Build.0 = Release|x64
		{4F62B093-2B32-4BAD-89DE-6D470ED90ED0}.Release|x86.ActiveCfg = Release|Win32
		{4F62B093-2B32-4BAD-89DE-6D470ED90ED0}.Release|x86.Build.0 = Release|Win32
		{B3711437-6025-4F8E-81DF-9664E9F0D20C}.Debug|x64.ActiveCfg = Debug|x64
		{B3711437-6025-4F8E-81DF-9664E9F0D20C}.Debug|x64.Build.0 = Debug|x64
		{B3711437-6025-4F8E-81DF-9664E9F0D20C}.Debug|x86.ActiveCfg = Debug|Win32
		{B3711437-6025-4F8E-81DF-9664E9F0D20C}.Debug|x86.Build.0 = Debug|Win32
		{B3711437-6025-4F8E-81DF-9664E9F0D20C}.Release|x64.ActiveCfg = Release|x64
		{B3711437-6025-4F8E-81DF-9664E9F0D20C}.Release|x64.Build.0 = Release|x64
		{B3711437-6025-4F8E-81DF-9664E9F0D20C}.Release|x86.ActiveCfg = Release|Win32
		{B3711437-6025-4F8E-81DF-9664E9F0D20C}.Release|x86.Build.0 = Release|Win32
		{2EA90365-8FAF-417C-BCCF-D9885D290F26}.Debug|x64.ActiveCfg = Debug|x64
		{2EA90365-8FAF-417C-BCCF-D9885D290F26}.Debug|x64.Build.0 = Debug|x64
		{2EA90365-8FAF-417C-BCCF-D9885D290F26}.Debug|x86.ActiveCfg = Debug|Win32
		{2EA90365-8FAF-417C-BCCF-D9885D290F26}.Debug|x86.Build.0 = Debug|Win32
		{2EA90365-8FAF-417C-BCCF-D9885D290F26}.Release|x64.ActiveCfg = Release|x64
		{2EA90365-8FAF-417C-BCCF-D9885D290F26}.Release|x64.Build.0 = Release|x64
		{2EA90365-8FAF-417C-BCCF-D9885D290F26}.Release|x86.ActiveCfg = Release|Win32
		{2EA90365-8FAF-417C-BCCF-D9885D290F26}.Release|x86.Build.0 = Release|Win32
		{3B221080-5669-4546-B44C-84520C4F67F5}.Debug|x64.ActiveCfg = Debug|x64
		{3B221080-5669-4546-B44C-84520C4F67F5}.Debug|x64.Build.0 = Debug|x64
		{3B221080-5669-4546-B44C-84520C4F67F5}.Debug|x86.ActiveCfg = Debug|Win32
		{3B221080-5669-4546-B44C-84520C4F67F5}.Debug|x86.Build.0 = Debug|Win32
		{3B221080-5669-4546-B44C-84520C4F67F5}.Release|x64.ActiveCfg = Release|x64
		{3B221080-5669-4546-B44C-84520C4F67F5}.Release|x64.Build.0 = Release|x64
		{3B221080-5669-4546-B44C-84520C4F67F5}.Release|x86.ActiveCfg = Release|Win32
		{3B221080-5669-4546-B44C-84520C4F67F5}.Release|x86.Build.0 = Release|Win32
		{B8CE2D6D-C126-430E-A7BA-875E46F10B02}.Debug|x64.ActiveCfg = Debug|x64
		{B8CE2D6D-C126-430E-A7BA-875E46F10B02}.Debug|x64.Build.0 = Debug|x64
		{B8CE2D6D-C126-430E-A7BA-875E46F10B02}.Debug|x86.ActiveCfg = Debug|Win32
		{B8CE2D6D-C126-430E-A7BA-875E46F10B02}.Debug|x86.Build.0 = Debug|Win32
		{B8CE2D6D-C126-430E-A7BA-875E46F10B02}.Release|x64.ActiveCfg = Release|x64
		{B8CE2D6D-C126-430E-A7BA-875E46F10B02}.Release|x64.Build.0 = Release|x64
		{B8CE2D6D-C126-430E-A7BA-875E46F10B02}.Release|x86.ActiveCfg = Release|Win32
		{B8CE2D6D-C126-430E-A7BA-875E46F10B02}.Release|x86.Build.0 = Release|Win32
		{7A9FECA5-9626-4F5F-9D44-C637E8F11777}.Debug|x64.ActiveCfg = Debug|x64
		{7A9FECA5-9626-4F5F-9D44-C637E8F11777}.Debug|x64.Build.0 = Debug|x64
		{7A9FECA5-9626-4F5F-9D44-C637E8F11777}.Debug|x86.ActiveCfg = Debug|Win32
		{7A9FECA5-9626-4F5F-9D44-C637E8F11777}.Debug|x86.Build.0 = Debug|Win32
		{7A9FECA5-9626-4F5F-9D44-C637E8F11777}.Release|x64.ActiveCfg = Release|x64
		{7A9FECA5-9626-4F5F-9D44-C637E8F11777}.Release|x64.Build.0 = Release|x64
		{7A9FECA5-9626-4F5F-9D44-C637E8F11777}.Release|x86.ActiveCfg = Release|Win32
		{7A9FECA5-9626-4F5F-9D44-C637E8F11777}.Release|x86.Build.0 = Release|Win32
		{2BC8652F-FC38-4C8D-860F-AE99F7209F0B}.Debug|x64.ActiveCfg = Debug|x64
		{2BC8652F-FC38-4C8D-860F-AE99F7209F0B}.Debug|x64.Build.0 = Debug|x64
		{2BC8652F-FC38-4C8D-860F-AE99F7209F0B}.Debug|x86.ActiveCfg = Debug|Win32
		{2BC8652F-FC38-4C8D-860F-AE99F7209F0B}.Debug|x86.Build.0 = Debug|Win32
		{2BC8652F-FC38-4C8D-860F-AE99F7209F0B}.Release|x64.ActiveCfg = Release|x64
		{2BC8652F-FC38-4C8D-860F-AE99F7209F0B}.Release|x64.Build.0 = Release|x64
		{2BC8652F-FC38-4C8D-860F-AE99F7209F0B}.Release|x86.ActiveCfg = Release|Win32
		{2BC8652F-FC38-4C8D-860F-AE99F7209F0B}.Release|x86.Build.0 = Release|Win32
		{70ADDFB8-0B7E-42AA-B4D4-FFA8A3A908E3}.Debug|x64.ActiveCfg = Debug|x64
		{70ADDFB8-0B7E-42AA-B4D4-FFA8A3A908E3}.Debug|x64.Build.0 = Debug|x64
		{70ADDFB8-0B7E-42AA-B4D4-FFA8A3A908E3}.Debug|x86.ActiveCfg = Debug|Win32
		{70ADDFB8-0B7E-42AA-B4D4-FFA8A3A908E3}.Debug|x86.Build.0 = Debug|Win32
		{70ADDFB8-0B7E-42AA-B4D4-FFA8A3A908E3}.Release|x64.ActiveCfg = Release|x64
		{70ADDFB8-0B7E-42AA-B4D4-FFA8A3A908E3}.Release|x64.Build.0 = Release|x64
		{70ADDFB8-0B7E-42AA-B4D4-FFA8A3A908E3}.Release|x86.ActiveCfg = Release|Win32
		{70ADDFB8-0B7E-42AA-B4D4-FFA8A3A908E3}.Release|x86.Build.0 = Release|Win32
		{7EECC1E4-6F72-41B0-B015-9C6E42723DA7}.Debug|x64.ActiveCfg = Debug|x64
		{7EECC1E4-6F72-41B0-B015-9C6E42723DA7}.Debug|x64.Build.0 = Debug|x64
		{7EECC1E4-6F72-41B0-B015-9C6E42723DA7}.Debug|x86.ActiveCfg = Debug|Win32
		{7EECC1E4-6F72-41B0-B015-9C6E42723DA7}.Debug|x86.Build.0 = Debug|Win32
		{7EECC1E4-6F72-41B0-B015-9C6E42723DA7}.Release|x64.ActiveCfg = Release|x64
		{7EECC1E4-6F72-41B0-B015-9C6E42723DA7}.Release|x64.Build.0 = Release|x64
		{7EECC1E4-6F72-41B0-B015-9C6E42723DA7}.Release|x86.ActiveCfg = Release|Win32
		{7EECC1E4-6F72-41B0-B015-9C6E42723DA7}.Release|x86.Build.0 = Release|Win32
		{3C9B1E0C-4C4B-4E8A-BE89-907111A81259}.Debug|x64.ActiveCfg = Debug|x64
		{3C9B1E0C-4C4B-4E8A-BE89-907111A81259}.Debug|x64.Build.0 = Debug|x64
		{3C9B1E0C-4C4B-4E8A-BE89-907111A81259}.Debug|x86.ActiveCfg = Debug|Win32
		{3C9B1E0C-4C4B-4E8A-BE89-907111A81259}.Debug|x86.Build.0 = Debug|Win32
		{3C9B1E0C-4C4B-4E8A-BE89-907111A81259}.Release|x64.ActiveCfg = Release|x64
		{3C9B1E0C-4C4B-4E8A-BE89-907111A81259}.Release|x64.Build.0 = Release|x64
		{3C9B1E0C-4C4B-4E8A-BE89-907111A81259}.Release|x86.ActiveCfg = Release|Win32
		{3C9B1E0C-4C4B-4E8A-BE89-907111A81259}.Release|x86.Build.0 = Release|Win32
		{A81FAAA3-29E6-4213-BD6C-D77C88E4A420}.Debug|x64.ActiveCfg = Debug|x64
		{A81FAAA3-29E6-4213-BD6C-D77C88E4A420}.Debug|x64.Build.0 = Debug|x64
		{A81FAAA3-29E6-4213-BD6C-D77C88E4A420}.Debug|x86.ActiveCfg = Debug|Win32
		{A81FAAA3-29E6-4213-BD6C-D77C88E4A420}.Debug|x86.Build.0 = Debug|Win32
		{A81FAAA3-29E6-4213-BD6C-D77C88E4A420}.Release|x64.ActiveCfg = Release|x64
		{A81FAAA3-29E6-4213-BD6C-D77C88E4A420}.Release|x64.Build.0 = Release|x64
		{A81FAAA3-29E6-4213-BD6C-D77C88E4A420}.Release|x86.ActiveCfg = Release|Win32
		{A81FAAA3-29E6-4213-BD6C-D77C88E4A420}.Release|x86.Build.0 = Release|Win32
		{84DEAFFA-4936-4239-9E1B-59934B77462C}.Debug|x64.ActiveCfg = Debug|x64
		{84DEAFFA-4936-4239-9E1B-59934B77462C}.Debug|x64.Build.0 = Debug|x64
		{84DEAFFA-4936-4239-9E1B-59934B77462C}.Debug|x86.ActiveCfg = Debug|Win32
		{84DEAFFA-4936-4239-9E1B-59934B77462C}.Debug|x86.Build.0 = Debug|Win32
		{84DEAFFA-4936-4239-9E1B-59934B77462C}.Release|x64.ActiveCfg = Release|x64
		{84DEAFFA-4936-4239-9E1B-59934B77462C}.Release|x64.Build.0 = Release|x64
		{84DEAFFA-4936-4239-9E1B-59934B77462C}.Release|x86.ActiveCfg = Release|Win32
		{84DEAFFA-4936-4239-9E1B-59934B77462C}.Release|x86.Build.0 = Release|Win32
		{B16E134F-3CC4-4691-8E56-4913BF4E057D}.Debug|x64.ActiveCfg = Debug|x64
		{B16E134F-3CC4-4691-8E56-4913BF4E057D}.Debug|x64.Build.0 = Debug|x64
		{B16E134F-3CC4-4691-8E56-4913BF4E057D}.Debug|x86.ActiveCfg = Debug|Win32
		{B16E134F-3CC4-4691-8E56-4913BF4E057D}.Debug|x86.Build.0 = Debug|Win32
		{B16E134F-3CC4-4691-8E56-4913BF4E057D}.Release|x64.ActiveCfg = Release|x64
		{B16E134F-3CC4-4691-8E56-4913BF4E057D}.Release|x64.Build.0 = Release|x64
		{B16E134F-3CC4-4691-8E56-4913BF4E057D}.Release|x86.ActiveCfg = Release|Win32
		{B16E134F-3CC4-4691-8E56-4913BF4E057D}.Release|x86.Build.0 = Release|Win32
		{0E73354D-A0BD-4378-83FE-7DDFC1018CCA}.Debug|x64.ActiveCfg = Debug|x64
		{0E73354D-A0BD-4378-83FE-7DDFC1018CCA}.Debug|x64.Build.0 = Debug|x64
		{0E73354D-A0BD-4378-83FE-7DDFC1018CCA}.Debug|x86.ActiveCfg = Debug|Win32
		{0E73354D-A0BD-4378-83FE-7DDFC1018CCA}.Debug|x86.Build.0 = Debug|Win32
		{0E73354D-A0BD-4378-83FE-7DDFC1018CCA}.Release|x64.ActiveCfg = Release|x64
		{0E73354D-A0BD-4378-83FE-7DDFC1018CCA}.Release|x64.Build.0 = Release|x64
		{0E73354D-A0BD-4378-83FE-7DDFC1018CCA}.Release|x86.ActiveCfg = Release|Win32
		{0E73354D-A0BD-4378-83FE-7DDFC1018CCA}.Release|x86.Build.0 = Release|Win32
		{BEB87FD0-DA16-4624-9943-8F2CA6228D4B}.Debug|x64.ActiveCfg = Debug|x64
		{BEB87FD0-DA16-4624-9943-8F2CA6228D4B}.Debug|x64.Build.0 = Debug|x64
		{BEB87FD0-DA16-4624-9943-8F2CA6228D4B}.Debug|x86.ActiveCfg = Debug|Win32
		{BEB87FD0-DA16-4624-9943-8F2CA6228D4B}.Debug|x86.Build.0 = Debug|Win32
		{BEB87FD0-DA16-4624-9943-8F2CA6228D4B}.Release|x64.ActiveCfg = Release|x64
		{BEB87FD0-DA16-4624-9943-8F2CA6228D4B}.Release|x64.Build.0 = Release|x64
		{BEB87FD0-DA16-4624-9943-8F2CA6228D4B}.Release|x86.ActiveCfg = Release|Win32
		{BEB87FD0-DA16-4624-9943-8F2CA6228D4B}.Release|x86.Build.0 = Release|Win32
		{21E76CB3-EDED-473D-8DEB-D3180DDBB454}.Debug|x64.ActiveCfg = Debug|x64
		{21E76CB3-EDED-473D-8DEB-D3180DDBB454}.Debug|x64.Build.0 = Debug|x64
		{21E76CB3-EDED-473D-8DEB-D3180DDBB454}.Debug|x86.ActiveCfg = Debug|Win32
		{21E76CB3-EDED-473D-8DEB-D3180DDBB454}.Debug|x86.Build.0 = Debug|Win32
		{21E76CB3-EDED-473D-8DEB-D3180DDBB454}.Release|x64.ActiveCfg = Release|x64
		{21E76CB3-EDED-473D-8DEB-D3180DDBB454}.Release|x64.Build.0 = Release|x64
		{21E76CB3-EDED-473D-8DEB-D3180DDBB454}.Release|x86.ActiveCfg = Release|Win32
		{21E76CB3-EDED-473D-8DEB-D3180DDBB454}.Release|x86.Build.0 = Release|Win32
		{9FA70BCE-79D6-494D-A34A-F677B820D9ED}.Debug|x64.ActiveCfg = Debug|x64
		{9FA70BCE-79D6-494D-A34A-F677B820D9ED}.Debug|x64.Build.0 = Debug|x64
		{9FA70BCE-79D6-494D-A34A-F677B820D9ED}.Debug|x86.ActiveCfg = Debug|Win32
		{9FA70BCE-79D6-494D-A34A-F677B820D9ED}.Debug|x86.Build.0 = Debug|Win32
		{9FA70BCE-79D6-494D-A34A-F677B820D9ED}.Release|x64.ActiveCfg = Release|x64
		{9FA70BCE-79D6-494D-A34A-F677B820D9ED}.Release|x64.Build.0 = Release|x64
		{9FA70BCE-79D6-494D-A34A-F677B820D9ED}.Release|x86.ActiveCfg = Release|Win32
		{9FA70BCE-79D6-494D-A34A-F677B820D9ED}.Release|x86.Build.0 = Release|Win32
		{F0E546F4-5184-44DC-AAFE-E0B80CB4B9EA}.Debug|x64.ActiveCfg = Debug|x64
		{F0E546F4-5184-44DC-AAFE-E0B80CB4B9EA}.Debug|x64.Build.0 = Debug|x64
		{F0E546F4-5184-44DC-AAFE-E0B80CB4B9EA}.Debug|x86.ActiveCfg = Debug|Win32
		{F0E546F4-5184-44DC-AAFE-E0B80CB4B9EA}.Debug|x86.Build.0 = Debug|Win32
		{F0E546F4-5184-44DC-AAFE-E0B80CB4B9EA}.Release|x64.ActiveCfg = Release|x64
		{F0E546F4-5184-44DC-AAFE-E0B80CB4B9EA}.Release|x64.Build.0 = Release|x64
		{F0E546F4-5184-44DC-AAFE-E0B80CB4B9EA}.Release|x86.ActiveCfg = Release|Win32
		{F0E546F4-5184-44DC-AAFE-E0B80CB4B9EA}.Release|x86.Build.0 = Release|Win32
		{46CE80A5-CEA0-4D91-A2DC-BDA7A1E778E0}.Debug|x64.ActiveCfg = Debug|x64
		{46CE80A5-CEA0-4D91-A2DC-BDA7A1E778E0}.Debug|x64.Build.0 = Debug|x64
		{46CE80A5-CEA0-4D91-A2DC-BDA7A1E778E0}.Debug|x86.ActiveCfg = Debug|Win32
		{46CE80A5-CEA0-4D91-A2DC-BDA7A1E778E0}.Debug|x86.Build.0 = Debug|Win32
		{46CE80A5-CEA0-4D91-A2DC-BDA7A1E778E0}.Release|x64.ActiveCfg = Release|x64
		{46CE80A5-CEA0-4D91-A2DC-BDA7A1E778E0}.Release|x64.Build.0 = Release|x64
		{46CE80A5-CEA0-4D91-A2DC-BDA7A1E778E0}.Release|x86.ActiveCfg = Release|Win32
		{46CE80A5-CEA0-4D91-A2DC-BDA7A1E778E0}.Release|x86.Build.0 = Release|Win32
		{6CA1A2FF-04EF-4781-B9BD-BB0D1D0B9980}.Debug|x64.ActiveCfg = Debug|x64
		{6CA1A2FF-04EF-4781-B9BD-BB0D1D0B9980}.Debug|x64.Build.0 = Debug|x64
		{6CA1A2FF-04EF-4781-B9BD-BB0D1D0B9980}.Debug|x86.ActiveCfg = Debug|Win32
		{6CA1A2FF-04EF-4781-B9BD-BB0D1D0B9980}.Debug|x86.Build.0 = Debug|Win32
		{6CA1A2FF-04EF-4781-B9BD-BB0D1D0B9980}.Release|x64.ActiveCfg = Release|x64
		{6CA1A2FF-04EF-4781-B9BD-BB0D1D0B9980}.Release|x64.Build.0 = Release|x64
		{6CA1A2FF-04EF-4781-B9BD-BB0D1D0B9980}.Release|x86.ActiveCfg = Release|Win32
		{6CA1A2FF-04EF-4781-B9BD-BB0D1D0B9980}.Release|x86.Build.0 = Release|Win32
	EndGlobalSection
	GlobalSection(SolutionProperties) = preSolution
		HideSolutionNode = FALSE
	EndGlobalSection
	GlobalSection(NestedProjects) = preSolution
		{99434233-1019-4100-B298-A1632183EDF8} = {65802862-EBE8-4869-BD46-5C05FBE18879}
		{572F4A4B-F063-40E9-A4FE-8176C273C1EF} = {65802862-EBE8-4869-BD46-5C05FBE18879}
		{6D50E405-7266-4D56-8176-72AE6D7E0AAF} = {34CCF30A-6352-4474-8B14-EE5E18AB3F4F}
		{BE6B319C-CDE5-4A70-8A14-508959B6CA24} = {34CCF30A-6352-4474-8B14-EE5E18AB3F4F}
		{5C6937FE-9215-4F6B-9417-06302061C506} = {34CCF30A-6352-4474-8B14-EE5E18AB3F4F}
		{AA9BC7FD-0889-4D3E-9A81-E6B87C3B6C44} = {1AA5C7DD-A31E-4BC4-A6BC-6E07CC5FB454}
		{4EC136A6-49FB-411A-B1DA-D2C499856CFF} = {1AA5C7DD-A31E-4BC4-A6BC-6E07CC5FB454}
		{86E862F1-CA54-48A4-B75B-A3E8C5C1DC0E} = {1AA5C7DD-A31E-4BC4-A6BC-6E07CC5FB454}
		{FFB6181C-6A3A-43E5-95BE-FC60B3E207B1} = {E2773D6B-CC53-44A6-A922-F742D1412523}
		{8CC48926-9B99-4649-B212-96F9BB192CAF} = {E2773D6B-CC53-44A6-A922-F742D1412523}
		{4C4B4D8B-FB34-4873-9890-AB325CE3F9D2} = {E2773D6B-CC53-44A6-A922-F742D1412523}
		{8EC4F24D-0FF4-4FCE-ABBA-76EB648DB66B} = {E2773D6B-CC53-44A6-A922-F742D1412523}
		{98E7753B-C469-4CC5-A8CD-FC64E84C00D2} = {3F238D85-F9EE-424A-A6B8-93AA6143AC7C}
		{53DAD864-724A-479B-B841-5DF4F462B604} = {3F238D85-F9EE-424A-A6B8-93AA6143AC7C}
		{7F7DD0C4-5D72-46C9-B421-66C4B87180BE} = {3F238D85-F9EE-424A-A6B8-93AA6143AC7C}
		{317962C8-407E-4FE6-84B9-5722AD2389C9} = {307D65F7-62D5-48D5-B35E-EF350223CFD0}
		{2615473E-7DAE-4449-9CA9-192E97C9B10C} = {307D65F7-62D5-48D5-B35E-EF350223CFD0}
		{871BDAFD-CBBE-493E-993A-7557954EE472} = {307D65F7-62D5-48D5-B35E-EF350223CFD0}
		{4E109501-7C4C-43C6-841E-B0F4214472AD} = {168DE9BF-9E90-4D97-91C1-B53EDED94A4C}
		{48B1B760-4817-4DCF-A7A5-8B0F56872C78} = {168DE9BF-9E90-4D97-91C1-B53EDED94A4C}
		{27EC91AB-F06F-4120-B432-E59E63150A4D} = {CB5D3296-40AB-4E15-8042-DA81695C5263}
		{4EB55CF3-46CA-4D9A-AB29-C6E50E1B984E} = {E98B1C7D-CBAC-444B-A787-7B907578DD52}
		{76F81961-1EC9-4875-99E8-FBC6CD88755E} = {E98B1C7D-CBAC-444B-A787-7B907578DD52}
		{A0005904-1E79-4D8C-9C8F-7020E6613BD1} = {E98B1C7D-CBAC-444B-A787-7B907578DD52}
		{F9563650-C7F7-4748-BE3E-0B0B0169D131} = {FEDD5A6B-104E-4B7A-9CC8-CF94D8BD8F2F}
		{B93C623A-D9FE-4924-B6E4-314181F55416} = {FEDD5A6B-104E-4B7A-9CC8-CF94D8BD8F2F}
		{736AC5B2-1240-4A95-8A27-02A5E8AF4059} = {FEDD5A6B-104E-4B7A-9CC8-CF94D8BD8F2F}
		{929F9759-1569-4047-9F91-948B47F2703A} = {FEDD5A6B-104E-4B7A-9CC8-CF94D8BD8F2F}
		{C1E74505-9DB4-41EC-B6E8-6F9EA7CEAFF2} = {E4B24541-1282-4EB6-A6F9-04AD21DBCBFA}
		{CCF10F27-7F73-46E4-814B-F8BEF574FC1F} = {E4B24541-1282-4EB6-A6F9-04AD21DBCBFA}
		{9AE00587-C8F1-405E-AA81-B7E80B40FBD2} = {CCD5E1A5-EBC7-4BBE-A4A0-23A4D9C48C63}
		{0FEC48C1-131E-40F3-9F35-0D880F41B5BA} = {CCD5E1A5-EBC7-4BBE-A4A0-23A4D9C48C63}
		{297F549A-2F1F-4E73-A6D1-FB0F49C42828} = {CCD5E1A5-EBC7-4BBE-A4A0-23A4D9C48C63}
		{0B6C6FAE-95BD-4360-8C03-118EF2585937} = {036EF4F9-9052-4424-BCE0-4A07D26EAB5D}
		{E6E68043-6C25-4C6F-A3E4-5D9482F6F239} = {036EF4F9-9052-4424-BCE0-4A07D26EAB5D}
		{3863D45B-0EC0-4C81-B7D3-C763396FD6C8} = {036EF4F9-9052-4424-BCE0-4A07D26EAB5D}
		{ECD829F4-6F1B-40B9-A6F9-59BB3BC3D556} = {202AB8A7-71DB-4215-BCCD-7E3130F731BA}
		{CDB0BCFE-12EE-435E-AE58-9A6F09F43DFC} = {4073C164-A397-4D34-AB84-120E5214268B}
		{F1CAAD71-244C-4980-801A-9C2CF21031A2} = {4073C164-A397-4D34-AB84-120E5214268B}
		{4F62B093-2B32-4BAD-89DE-6D470ED90ED0} = {4073C164-A397-4D34-AB84-120E5214268B}
		{B3711437-6025-4F8E-81DF-9664E9F0D20C} = {3E5AB24F-917A-4CE2-8793-C29786450DD0}
		{2EA90365-8FAF-417C-BCCF-D9885D290F26} = {3E5AB24F-917A-4CE2-8793-C29786450DD0}
		{3B221080-5669-4546-B44C-84520C4F67F5} = {3E5AB24F-917A-4CE2-8793-C29786450DD0}
		{B8CE2D6D-C126-430E-A7BA-875E46F10B02} = {12A78EDC-3118-45F3-8E7E-E93F0BFC419E}
		{7A9FECA5-9626-4F5F-9D44-C637E8F11777} = {12A78EDC-3118-45F3-8E7E-E93F0BFC419E}
		{2BC8652F-FC38-4C8D-860F-AE99F7209F0B} = {36E3D07E-EAFD-49BF-802B-BCE2420B9FC7}
		{70ADDFB8-0B7E-42AA-B4D4-FFA8A3A908E3} = {F60E73C3-C714-43E5-AE07-A5D57E5244C1}
		{7EECC1E4-6F72-41B0-B015-9C6E42723DA7} = {F60E73C3-C714-43E5-AE07-A5D57E5244C1}
		{3C9B1E0C-4C4B-4E8A-BE89-907111A81259} = {F60E73C3-C714-43E5-AE07-A5D57E5244C1}
		{A81FAAA3-29E6-4213-BD6C-D77C88E4A420} = {5C611386-47BF-4EAC-A36F-53A416715789}
		{84DEAFFA-4936-4239-9E1B-59934B77462C} = {5C611386-47BF-4EAC-A36F-53A416715789}
		{B16E134F-3CC4-4691-8E56-4913BF4E057D} = {F3BDBDE2-3C08-429D-8F26-B47F40FE9922}
		{0E73354D-A0BD-4378-83FE-7DDFC1018CCA} = {D4C223E5-1F4C-4EDF-B7CC-31079621D71A}
		{BEB87FD0-DA16-4624-9943-8F2CA6228D4B} = {12B451EA-F14C-4746-9FA7-49EDF2D78EB1}
		{21E76CB3-EDED-473D-8DEB-D3180DDBB454} = {12B451EA-F14C-4746-9FA7-49EDF2D78EB1}
		{9FA70BCE-79D6-494D-A34A-F677B820D9ED} = {12B451EA-F14C-4746-9FA7-49EDF2D78EB1}
		{F0E546F4-5184-44DC-AAFE-E0B80CB4B9EA} = {683E7580-863D-4CFF-AFE8-1C4912C2B86A}
		{46CE80A5-CEA0-4D91-A2DC-BDA7A1E778E0} = {683E7580-863D-4CFF-AFE8-1C4912C2B86A}
		{6CA1A2FF-04EF-4781-B9BD-BB0D1D0B9980} = {683E7580-863D-4CFF-AFE8-1C4912C2B86A}
	EndGlobalSection
	GlobalSection(ExtensibilityGlobals) = postSolution
		SolutionGuid = {C83731BA-1AAE-4CC3-8B7B-981F9DC21F24}
	EndGlobalSection
EndGlobal
